{
  "object": {
    "pins": [
      {
        "package": "AFNetworking",
        "repositoryURL": "https://github.com/AFNetworking/AFNetworking.git",
        "state": {
          "branch": null,
          "revision": "ffae2391ab0c29dc88eb0a58d2f5b2c2c27cadbf",
          "version": "4.0.1"
        }
      },
      {
        "package": "FeedKit",
        "repositoryURL": "https://github.com/nmdias/FeedKit.git",
        "state": {
          "branch": null,
          "revision": "68493a33d862c33c9a9f67ec729b3b7df1b20ade",
          "version": "9.1.2"
        }
      },
      {
        "package": "ModalView",
        "repositoryURL": "https://github.com/diniska/modal-view",
        "state": {
          "branch": "master",
          "revision": "e9063b249148134b6ab24832ac8101835638a5af",
          "version": null
        }
      },
      {
        "package": "PureLayout",
        "repositoryURL": "https://github.com/PureLayout/PureLayout.git",
        "state": {
          "branch": "master",
          "revision": "d19b40e831e4d621097765998be97df3856e8413",
          "version": null
        }
      },
      {
        "package": "SDWebImage",
        "repositoryURL": "https://github.com/SDWebImage/SDWebImage.git",
        "state": {
          "branch": null,
          "revision": "88b3ba211c0d604e60eab204c1baf8229c513399",
          "version": "5.9.4"
        }
      },
      {
        "package": "SDWebImageSwiftUI",
        "repositoryURL": "https://github.com/SDWebImage/SDWebImageSwiftUI.git",
        "state": {
          "branch": null,
          "revision": "4c7f169e39bc35d6b80d42b8eb8301bee9cd0907",
          "version": "1.5.0"
        }
      },
      {
        "package": "SwiftUIX",
        "repositoryURL": "https://github.com/SwiftUIX/SwiftUIX",
        "state": {
          "branch": "master",
          "revision": "2b461698d3eaf51cdad1a85f1e920e1a705ce2d3",
          "version": null
        }
      },
      {
        "package": "URLImage",
        "repositoryURL": "https://github.com/dmytro-anokhin/url-image.git",
        "state": {
          "branch": "master",
          "revision": "86af1e4430b652cb8a72f7c79aa588243aa6f93d",
          "version": null
        }
      }
    ]
  },
  "version": 1
}
