{
  "object": {
    "pins": [
      {
        "package": "BrightFutures",
        "repositoryURL": "https://github.com/Thomvis/BrightFutures.git",
        "state": {
          "branch": null,
          "revision": "9279defa6bdc21501ce740266e5a14d0119ddc63",
          "version": "8.0.1"
        }
      },
      {
        "package": "Erik",
        "repositoryURL": "https://github.com/phimage/Erik.git",
        "state": {
          "branch": null,
          "revision": "109a130e9cdb00789a43a7a625293eeb12d22989",
          "version": "5.1.0"
        }
      },
      {
        "package": "FeedKit",
        "repositoryURL": "git@github.com:nmdias/FeedKit.git",
        "state": {
          "branch": null,
          "revision": "68493a33d862c33c9a9f67ec729b3b7df1b20ade",
          "version": "9.1.2"
        }
      },
      {
        "package": "FileKit",
        "repositoryURL": "https://github.com/nvzqz/FileKit.git",
        "state": {
          "branch": null,
          "revision": "826d9161b184509f80d85c28cd612d630646de98",
          "version": "6.0.0"
        }
      },
      {
        "package": "IndentedTree",
        "repositoryURL": "https://github.com/ralfebert/IndentedTree.git",
        "state": {
          "branch": "master",
          "revision": "3b525902a2a186fc1d562f94af3d42cd2d1b1f7c",
          "version": null
        }
      },
      {
        "package": "Kanna",
        "repositoryURL": "https://github.com/tid-kijyun/Kanna.git",
        "state": {
          "branch": null,
          "revision": "4a80ebe93b6966d5083394fcaaaff57a2fcec935",
          "version": "5.2.3"
        }
      },
      {
        "package": "OAuthSwift",
        "repositoryURL": "https://github.com/Ranchero-Software/OAuthSwift.git",
        "state": {
          "branch": null,
          "revision": "2e75d626532c2c6373e603312c0f1207e7e778ea",
          "version": "2.1.0"
        }
      },
      {
        "package": "RSTree",
        "repositoryURL": "https://github.com/Ranchero-Software/RSTree.git",
        "state": {
          "branch": null,
          "revision": "979ed0eb610b6d95dc7adcf4620bd44205f512a6",
          "version": "1.0.0-beta1"
        }
      },
      {
        "package": "SDWebImage",
        "repositoryURL": "https://github.com/SDWebImage/SDWebImage.git",
        "state": {
          "branch": null,
          "revision": "a71dcd2b43de1d948b203249b7e1dee328e8016d",
          "version": "5.9.3"
        }
      },
      {
        "package": "SDWebImageSwiftUI",
        "repositoryURL": "https://github.com/SDWebImage/SDWebImageSwiftUI.git",
        "state": {
          "branch": null,
          "revision": "4c7f169e39bc35d6b80d42b8eb8301bee9cd0907",
          "version": "1.5.0"
        }
      },
      {
        "package": "Swifter",
        "repositoryURL": "https://github.com/httpswift/swifter.git",
        "state": {
          "branch": null,
          "revision": "9483a5d459b45c3ffd059f7b55f9638e268632fd",
          "version": "1.5.0"
        }
      },
      {
        "package": "SwiftyJSON",
        "repositoryURL": "https://github.com/SwiftyJSON/SwiftyJSON.git",
        "state": {
          "branch": null,
          "revision": "2b6054efa051565954e1d2b9da831680026cd768",
          "version": "5.0.0"
        }
      },
      {
        "package": "SwipeCell",
        "repositoryURL": "https://github.com/EnesKaraosman/SwipeCell.git",
        "state": {
          "branch": null,
          "revision": "3f963d3d477b65fad7655e6b9c94b9391c066e7c",
          "version": "0.1.1"
        }
      }
    ]
  },
  "version": 1
}
