{
  "object": {
    "pins": [
      {
        "package": "AFNetworking",
        "repositoryURL": "https://github.com/AFNetworking/AFNetworking.git",
        "state": {
          "branch": null,
          "revision": "ffae2391ab0c29dc88eb0a58d2f5b2c2c27cadbf",
          "version": "4.0.1"
        }
      },
      {
        "package": "FeedKit",
        "repositoryURL": "https://github.com/nmdias/FeedKit.git",
        "state": {
          "branch": null,
          "revision": "68493a33d862c33c9a9f67ec729b3b7df1b20ade",
          "version": "9.1.2"
        }
      },
      {
        "package": "Kingfisher",
        "repositoryURL": "https://github.com/onevcat/Kingfisher.git",
        "state": {
          "branch": null,
          "revision": "0e548b700c7c123dd3b2ac776e90d63a540f084d",
          "version": "5.15.7"
        }
      },
      {
        "package": "ModalView",
        "repositoryURL": "https://github.com/diniska/modal-view",
        "state": {
          "branch": "master",
          "revision": "e9063b249148134b6ab24832ac8101835638a5af",
          "version": null
        }
      },
      {
        "package": "PureLayout",
        "repositoryURL": "https://github.com/PureLayout/PureLayout.git",
        "state": {
          "branch": "master",
          "revision": "d19b40e831e4d621097765998be97df3856e8413",
          "version": null
        }
      },
      {
        "package": "Reachability",
        "repositoryURL": "https://github.com/ashleymills/Reachability.swift.git",
        "state": {
          "branch": null,
          "revision": "c01bbdf2d633cf049ae1ed1a68a2020a8bda32e2",
          "version": "5.1.0"
        }
      },
      {
        "package": "RSCore",
        "repositoryURL": "https://github.com/Ranchero-Software/RSCore.git",
        "state": {
          "branch": null,
          "revision": "dce76a4070ed24f148bb1673c308962dbdbf01ef",
          "version": "1.0.0-beta9"
        }
      },
      {
        "package": "RSDatabase",
        "repositoryURL": "https://github.com/Ranchero-Software/RSDatabase.git",
        "state": {
          "branch": null,
          "revision": "3aa706f3adfc0b798a2b69cf536461c39db4d269",
          "version": "1.0.0-beta1"
        }
      },
      {
        "package": "RSParser",
        "repositoryURL": "https://github.com/Ranchero-Software/RSParser.git",
        "state": {
          "branch": null,
          "revision": "a4467cb6ab32d67fa8b09fcef8b234c7f96b7f9c",
          "version": "2.0.0-beta3"
        }
      },
      {
        "package": "RSWeb",
        "repositoryURL": "https://github.com/Ranchero-Software/RSWeb.git",
        "state": {
          "branch": null,
          "revision": "f4a5788bc0d1e6e75dac08a338298f80edb9d29a",
          "version": "1.0.0-beta8"
        }
      },
      {
        "package": "SDWebImage",
        "repositoryURL": "https://github.com/SDWebImage/SDWebImage.git",
        "state": {
          "branch": null,
          "revision": "88b3ba211c0d604e60eab204c1baf8229c513399",
          "version": "5.9.4"
        }
      },
      {
        "package": "SDWebImageSwiftUI",
        "repositoryURL": "https://github.com/SDWebImage/SDWebImageSwiftUI.git",
        "state": {
          "branch": null,
          "revision": "4c7f169e39bc35d6b80d42b8eb8301bee9cd0907",
          "version": "1.5.0"
        }
      },
      {
        "package": "SwiftSoup",
        "repositoryURL": "https://github.com/scinfu/SwiftSoup.git",
        "state": {
          "branch": null,
          "revision": "774dc9c7213085db8aa59595e27c1cd22e428904",
          "version": "2.3.2"
        }
      },
      {
        "package": "SwiftUIX",
        "repositoryURL": "https://github.com/SwiftUIX/SwiftUIX",
        "state": {
          "branch": "master",
          "revision": "2b461698d3eaf51cdad1a85f1e920e1a705ce2d3",
          "version": null
        }
      },
      {
        "package": "URLImage",
        "repositoryURL": "https://github.com/dmytro-anokhin/url-image.git",
        "state": {
          "branch": "master",
          "revision": "86af1e4430b652cb8a72f7c79aa588243aa6f93d",
          "version": null
        }
      }
    ]
  },
  "version": 1
}
