// !$*UTF8*$!
{
	archiveVersion = 1;
	classes = {
	};
	objectVersion = 52;
	objects = {

/* Begin PBXBuildFile section */
		6103807625490A1300222019 /* NavigationBarColor.swift in Sources */ = {isa = PBXBuildFile; fileRef = 6103807525490A1300222019 /* NavigationBarColor.swift */; };
		6105657725599D8B007DCAA1 /* Subscriptions-OnMyiPhone.opml in Resources */ = {isa = PBXBuildFile; fileRef = 6105657625599D8B007DCAA1 /* Subscriptions-OnMyiPhone.opml */; };
		6117364924E83C0600A2DEA5 /* DataUnitView.swift in Sources */ = {isa = PBXBuildFile; fileRef = 6117364824E83C0600A2DEA5 /* DataUnitView.swift */; };
		6117365524E83C3E00A2DEA5 /* DataNStorageView.swift in Sources */ = {isa = PBXBuildFile; fileRef = 6117365424E83C3E00A2DEA5 /* DataNStorageView.swift */; };
		6117365724E83C7B00A2DEA5 /* DataNStorageViewModel.swift in Sources */ = {isa = PBXBuildFile; fileRef = 6117365624E83C7B00A2DEA5 /* DataNStorageViewModel.swift */; };
		6117365924E83C9F00A2DEA5 /* BatchImportView.swift in Sources */ = {isa = PBXBuildFile; fileRef = 6117365824E83C9F00A2DEA5 /* BatchImportView.swift */; };
		6117365B24E83CC500A2DEA5 /* BatchImportViewModel.swift in Sources */ = {isa = PBXBuildFile; fileRef = 6117365A24E83CC500A2DEA5 /* BatchImportViewModel.swift */; };
		612FB85A2540F04200D9822B /* RSSListView.swift in Sources */ = {isa = PBXBuildFile; fileRef = 612FB83D2540F04000D9822B /* RSSListView.swift */; };
		61453B17255CC5920060EBB6 /* URLImage in Frameworks */ = {isa = PBXBuildFile; productRef = 61453B16255CC5920060EBB6 /* URLImage */; };
		615096E3256377E00001C0D9 /* SwiftUIX in Frameworks */ = {isa = PBXBuildFile; productRef = 615096E2256377E00001C0D9 /* SwiftUIX */; };
		615096EB2564BF420001C0D9 /* NavigationBarModifier.swift in Sources */ = {isa = PBXBuildFile; fileRef = 615096EA2564BF420001C0D9 /* NavigationBarModifier.swift */; };
		615899252585CB3100D893CE /* NavigationTitleView.swift in Sources */ = {isa = PBXBuildFile; fileRef = 615899242585CB3000D893CE /* NavigationTitleView.swift */; };
		61595CF6257B18EE000D6B22 /* DefaultFeeds.opml in Resources */ = {isa = PBXBuildFile; fileRef = 61595CF5257B18EE000D6B22 /* DefaultFeeds.opml */; };
		61595D06257B1C6E000D6B22 /* RSCore in Frameworks */ = {isa = PBXBuildFile; productRef = 61595D05257B1C6E000D6B22 /* RSCore */; };
		61595D07257B1C6E000D6B22 /* RSCore in Embed Frameworks */ = {isa = PBXBuildFile; productRef = 61595D05257B1C6E000D6B22 /* RSCore */; settings = {ATTRIBUTES = (CodeSignOnCopy, ); }; };
		61595D0B257B1D4F000D6B22 /* RSDatabase in Frameworks */ = {isa = PBXBuildFile; productRef = 61595D0A257B1D4F000D6B22 /* RSDatabase */; };
		61595D0C257B1D4F000D6B22 /* RSDatabase in Embed Frameworks */ = {isa = PBXBuildFile; productRef = 61595D0A257B1D4F000D6B22 /* RSDatabase */; settings = {ATTRIBUTES = (CodeSignOnCopy, ); }; };
		61595D10257B1DBE000D6B22 /* RSParser in Frameworks */ = {isa = PBXBuildFile; productRef = 61595D0F257B1DBE000D6B22 /* RSParser */; };
		61595D11257B1DBE000D6B22 /* RSParser in Embed Frameworks */ = {isa = PBXBuildFile; productRef = 61595D0F257B1DBE000D6B22 /* RSParser */; settings = {ATTRIBUTES = (CodeSignOnCopy, ); }; };
		61595D15257B1EB6000D6B22 /* RSWeb in Frameworks */ = {isa = PBXBuildFile; productRef = 61595D14257B1EB6000D6B22 /* RSWeb */; };
		61595D16257B1EB6000D6B22 /* RSWeb in Embed Frameworks */ = {isa = PBXBuildFile; productRef = 61595D14257B1EB6000D6B22 /* RSWeb */; settings = {ATTRIBUTES = (CodeSignOnCopy, ); }; };
		61595D25257B3A4D000D6B22 /* DefaultFeedsImporter.swift in Sources */ = {isa = PBXBuildFile; fileRef = 61595D24257B3A4C000D6B22 /* DefaultFeedsImporter.swift */; };
		61595D4B257C0993000D6B22 /* Tag.swift in Sources */ = {isa = PBXBuildFile; fileRef = 61595D4A257C0993000D6B22 /* Tag.swift */; };
		61595D4F257C0A03000D6B22 /* Color+Random.swift in Sources */ = {isa = PBXBuildFile; fileRef = 61595D4D257C0A01000D6B22 /* Color+Random.swift */; };
		61595D50257C0A03000D6B22 /* UIColor+.swift in Sources */ = {isa = PBXBuildFile; fileRef = 61595D4E257C0A03000D6B22 /* UIColor+.swift */; };
		61595D57257C0F58000D6B22 /* IdentifiableAlert.swift in Sources */ = {isa = PBXBuildFile; fileRef = 61595D56257C0F58000D6B22 /* IdentifiableAlert.swift */; };
		61595D78257C6D3A000D6B22 /* InitialFeedDownloader.swift in Sources */ = {isa = PBXBuildFile; fileRef = 61595D77257C6D3A000D6B22 /* InitialFeedDownloader.swift */; };
		61595D7F257C6DAF000D6B22 /* AccountMetadata.swift in Sources */ = {isa = PBXBuildFile; fileRef = 61595D7D257C6DAD000D6B22 /* AccountMetadata.swift */; };
		61595D83257C6DFF000D6B22 /* FeedIdentifier.swift in Sources */ = {isa = PBXBuildFile; fileRef = 61595D82257C6DFF000D6B22 /* FeedIdentifier.swift */; };
		61595D90257C6E51000D6B22 /* UnreadCountProvider.swift in Sources */ = {isa = PBXBuildFile; fileRef = 61595D88257C6E45000D6B22 /* UnreadCountProvider.swift */; };
		61595D91257C6E51000D6B22 /* WebFeedMetadata.swift in Sources */ = {isa = PBXBuildFile; fileRef = 61595D89257C6E47000D6B22 /* WebFeedMetadata.swift */; };
		61595D94257C6E51000D6B22 /* OPMLNormalizer.swift in Sources */ = {isa = PBXBuildFile; fileRef = 61595D8C257C6E4C000D6B22 /* OPMLNormalizer.swift */; };
		61595DAF257C947E000D6B22 /* DefaultFeeds.json in Resources */ = {isa = PBXBuildFile; fileRef = 61595DAE257C947C000D6B22 /* DefaultFeeds.json */; };
		61595DB2257C9AE2000D6B22 /* DefaultFeeds.swift in Sources */ = {isa = PBXBuildFile; fileRef = 61595DB1257C9AE1000D6B22 /* DefaultFeeds.swift */; };
		61595DB6257CA132000D6B22 /* Bundle-Decodable.swift in Sources */ = {isa = PBXBuildFile; fileRef = 61595DB5257CA131000D6B22 /* Bundle-Decodable.swift */; };
		615E961925300E5C00891083 /* AppearenceSection.swift in Sources */ = {isa = PBXBuildFile; fileRef = 615E961825300E5C00891083 /* AppearenceSection.swift */; };
		615E961D2530116600891083 /* AppearenceView.swift in Sources */ = {isa = PBXBuildFile; fileRef = 615E961C2530116600891083 /* AppearenceView.swift */; };
		615E971F25323C1900891083 /* Reachability.swift in Sources */ = {isa = PBXBuildFile; fileRef = 615E971E25323C1900891083 /* Reachability.swift */; };
		615E98402533AFAE00891083 /* ContentView.swift in Sources */ = {isa = PBXBuildFile; fileRef = 615E983F2533AFAE00891083 /* ContentView.swift */; };
		616121D7255366A00074F061 /* ModalView in Frameworks */ = {isa = PBXBuildFile; productRef = 616121D6255366A00074F061 /* ModalView */; };
		616121E42553670B0074F061 /* FeedKit in Frameworks */ = {isa = PBXBuildFile; productRef = 616121E32553670B0074F061 /* FeedKit */; };
		616121E8255367590074F061 /* PureLayout in Frameworks */ = {isa = PBXBuildFile; productRef = 616121E7255367590074F061 /* PureLayout */; };
		616121EC2553678B0074F061 /* AFNetworking in Frameworks */ = {isa = PBXBuildFile; productRef = 616121EB2553678B0074F061 /* AFNetworking */; };
		616121F0255367B60074F061 /* SDWebImageSwiftUI in Frameworks */ = {isa = PBXBuildFile; productRef = 616121EF255367B60074F061 /* SDWebImageSwiftUI */; };
		6161FE6125393FA400CB0F00 /* UrlImageModel.swift in Sources */ = {isa = PBXBuildFile; fileRef = 6161FE5625393FA400CB0F00 /* UrlImageModel.swift */; };
		616CAF6024F7131000690804 /* OPMLParser.swift in Sources */ = {isa = PBXBuildFile; fileRef = 616CAF5F24F7131000690804 /* OPMLParser.swift */; };
		616CAF6324F7154600690804 /* DateSpec.swift in Sources */ = {isa = PBXBuildFile; fileRef = 616CAF6224F7154600690804 /* DateSpec.swift */; };
		616CAF6524F7158200690804 /* RFC3339DateFormatter.swift in Sources */ = {isa = PBXBuildFile; fileRef = 616CAF6424F7158200690804 /* RFC3339DateFormatter.swift */; };
		616CAF6724F715B600690804 /* RFC822DateFormatter.swift in Sources */ = {isa = PBXBuildFile; fileRef = 616CAF6624F715B600690804 /* RFC822DateFormatter.swift */; };
		616CAF6924F715DD00690804 /* ISO8601DateFormatter.swift in Sources */ = {isa = PBXBuildFile; fileRef = 616CAF6824F715DD00690804 /* ISO8601DateFormatter.swift */; };
		616CAF9224F974AF00690804 /* SettingViewModel.swift in Sources */ = {isa = PBXBuildFile; fileRef = 616CAF9124F974AF00690804 /* SettingViewModel.swift */; };
		617B5DEA25670F4300228B1D /* DataModel.xcdatamodeld in Sources */ = {isa = PBXBuildFile; fileRef = 617B5DE825670F4300228B1D /* DataModel.xcdatamodeld */; };
		617B5DEF25670F5C00228B1D /* Category.swift in Sources */ = {isa = PBXBuildFile; fileRef = 617B5DED25670F5B00228B1D /* Category.swift */; };
		617B5DF025670F5C00228B1D /* Article.swift in Sources */ = {isa = PBXBuildFile; fileRef = 617B5DEE25670F5C00228B1D /* Article.swift */; };
		617E4C54255DE8F20010CEE8 /* HomeView.swift in Sources */ = {isa = PBXBuildFile; fileRef = 617E4C53255DE8F20010CEE8 /* HomeView.swift */; };
		6182212D25053FEE005636B2 /* rssTests.swift in Sources */ = {isa = PBXBuildFile; fileRef = 6182212C25053FEE005636B2 /* rssTests.swift */; };
		6182213A250542BF005636B2 /* OPMLParserTests.swift in Sources */ = {isa = PBXBuildFile; fileRef = 61822138250542BF005636B2 /* OPMLParserTests.swift */; };
		6182213B250542BF005636B2 /* BatchImportViewModelTests.swift in Sources */ = {isa = PBXBuildFile; fileRef = 61822139250542BF005636B2 /* BatchImportViewModelTests.swift */; };
		6182213D250542E9005636B2 /* Subscriptions-test.opml in Resources */ = {isa = PBXBuildFile; fileRef = 6182213C250542E9005636B2 /* Subscriptions-test.opml */; };
		6182214025054434005636B2 /* BatchImportViewModel.swift in Sources */ = {isa = PBXBuildFile; fileRef = 6117365A24E83CC500A2DEA5 /* BatchImportViewModel.swift */; };
		6182214425054472005636B2 /* DataSourceService.swift in Sources */ = {isa = PBXBuildFile; fileRef = 61C818D524E1F70900593939 /* DataSourceService.swift */; };
		6182214525054480005636B2 /* PersistenceManager.swift in Sources */ = {isa = PBXBuildFile; fileRef = 61C818E624E1F9BA00593939 /* PersistenceManager.swift */; };
		6182214B250544D1005636B2 /* RSSError.swift in Sources */ = {isa = PBXBuildFile; fileRef = 61967ED024E2053D00AA647C /* RSSError.swift */; };
		6182214C250544DA005636B2 /* ManagedObjectContext.swift in Sources */ = {isa = PBXBuildFile; fileRef = 61967ECF24E2053D00AA647C /* ManagedObjectContext.swift */; };
		6182214D250544E3005636B2 /* Date+Ext.swift in Sources */ = {isa = PBXBuildFile; fileRef = 61967ECE24E2053D00AA647C /* Date+Ext.swift */; };
		6182214E250544EA005636B2 /* String+Ext.swift in Sources */ = {isa = PBXBuildFile; fileRef = 61967ED124E2053D00AA647C /* String+Ext.swift */; };
		61822150250544F6005636B2 /* OPMLParser.swift in Sources */ = {isa = PBXBuildFile; fileRef = 616CAF5F24F7131000690804 /* OPMLParser.swift */; };
		61822151250544FD005636B2 /* ISO8601DateFormatter.swift in Sources */ = {isa = PBXBuildFile; fileRef = 616CAF6824F715DD00690804 /* ISO8601DateFormatter.swift */; };
		6182215225054506005636B2 /* RFC822DateFormatter.swift in Sources */ = {isa = PBXBuildFile; fileRef = 616CAF6624F715B600690804 /* RFC822DateFormatter.swift */; };
		6182215325054511005636B2 /* RFC3339DateFormatter.swift in Sources */ = {isa = PBXBuildFile; fileRef = 616CAF6424F7158200690804 /* RFC3339DateFormatter.swift */; };
		6182215425054519005636B2 /* DateSpec.swift in Sources */ = {isa = PBXBuildFile; fileRef = 616CAF6224F7154600690804 /* DateSpec.swift */; };
		618610B3256ED5BE0083A96D /* KingfisherSwiftUI in Frameworks */ = {isa = PBXBuildFile; productRef = 618610B2256ED5BE0083A96D /* KingfisherSwiftUI */; };
		618610C5256EE3AB0083A96D /* ArticleViewModel.swift in Sources */ = {isa = PBXBuildFile; fileRef = 618610C4256EE3AB0083A96D /* ArticleViewModel.swift */; };
		618610CF256EF7500083A96D /* Common Utils.swift in Sources */ = {isa = PBXBuildFile; fileRef = 618610CC256EF74F0083A96D /* Common Utils.swift */; };
		618610D0256EF7500083A96D /* HTMLScarperUtility.swift in Sources */ = {isa = PBXBuildFile; fileRef = 618610CD256EF7500083A96D /* HTMLScarperUtility.swift */; };
		618610D1256EF7500083A96D /* NetworkReachabilty.swift in Sources */ = {isa = PBXBuildFile; fileRef = 618610CE256EF7500083A96D /* NetworkReachabilty.swift */; };
		618610D5256EF7A00083A96D /* SwiftSoup in Frameworks */ = {isa = PBXBuildFile; productRef = 618610D4256EF7A00083A96D /* SwiftSoup */; };
		618610DC256EF8420083A96D /* Reachability in Frameworks */ = {isa = PBXBuildFile; productRef = 618610DB256EF8420083A96D /* Reachability */; };
		618610DF256EFD8D0083A96D /* Constants.swift in Sources */ = {isa = PBXBuildFile; fileRef = 618610DE256EFD8D0083A96D /* Constants.swift */; };
		618D823D2570327F0061292F /* FeedImageView.swift in Sources */ = {isa = PBXBuildFile; fileRef = 618D823C2570327F0061292F /* FeedImageView.swift */; };
		618F73DC2584291500CA36B4 /* Image-Extensions.swift in Sources */ = {isa = PBXBuildFile; fileRef = 618F73DB2584291500CA36B4 /* Image-Extensions.swift */; };
		618F73DF2584293E00CA36B4 /* HiddenModifier.swift in Sources */ = {isa = PBXBuildFile; fileRef = 618F73DE2584293E00CA36B4 /* HiddenModifier.swift */; };
		618F9021250DC63B00D5A03E /* RSSRow.swift in Sources */ = {isa = PBXBuildFile; fileRef = 61967EFE24E2068400AA647C /* RSSRow.swift */; };
		618F902B250DCD4F00D5A03E /* ModelHelper.swift in Sources */ = {isa = PBXBuildFile; fileRef = 618F9026250DCD4F00D5A03E /* ModelHelper.swift */; };
		618F902C250DCD4F00D5A03E /* RSS+CoreDataClass.swift in Sources */ = {isa = PBXBuildFile; fileRef = 618F9027250DCD4F00D5A03E /* RSS+CoreDataClass.swift */; };
		618F902D250DCD4F00D5A03E /* RSS+CoreDataProperties.swift in Sources */ = {isa = PBXBuildFile; fileRef = 618F9028250DCD4F00D5A03E /* RSS+CoreDataProperties.swift */; };
		618F902E250DCD4F00D5A03E /* RSSItem+CoreDataClass.swift in Sources */ = {isa = PBXBuildFile; fileRef = 618F9029250DCD4F00D5A03E /* RSSItem+CoreDataClass.swift */; };
		618F902F250DCD4F00D5A03E /* RSSItem+CoreDataProperties.swift in Sources */ = {isa = PBXBuildFile; fileRef = 618F902A250DCD4F00D5A03E /* RSSItem+CoreDataProperties.swift */; };
		618F9030250DCD7E00D5A03E /* ModelHelper.swift in Sources */ = {isa = PBXBuildFile; fileRef = 618F9026250DCD4F00D5A03E /* ModelHelper.swift */; };
		618F9031250DCD7E00D5A03E /* RSS+CoreDataClass.swift in Sources */ = {isa = PBXBuildFile; fileRef = 618F9027250DCD4F00D5A03E /* RSS+CoreDataClass.swift */; };
		618F9032250DCD7E00D5A03E /* RSS+CoreDataProperties.swift in Sources */ = {isa = PBXBuildFile; fileRef = 618F9028250DCD4F00D5A03E /* RSS+CoreDataProperties.swift */; };
		618F9033250DCD7E00D5A03E /* RSSItem+CoreDataClass.swift in Sources */ = {isa = PBXBuildFile; fileRef = 618F9029250DCD4F00D5A03E /* RSSItem+CoreDataClass.swift */; };
		618F9034250DCD7E00D5A03E /* RSSItem+CoreDataProperties.swift in Sources */ = {isa = PBXBuildFile; fileRef = 618F902A250DCD4F00D5A03E /* RSSItem+CoreDataProperties.swift */; };
		618F9036250DCDEE00D5A03E /* RSSItemDataSource.swift in Sources */ = {isa = PBXBuildFile; fileRef = 61C818E824E1FA7D00593939 /* RSSItemDataSource.swift */; };
		618F9037250DCDFC00D5A03E /* RSSDataSource.swift in Sources */ = {isa = PBXBuildFile; fileRef = 61C818E324E1F91B00593939 /* RSSDataSource.swift */; };
		618F9038250DCE4800D5A03E /* Request.swift in Sources */ = {isa = PBXBuildFile; fileRef = 61967EC924E204FB00AA647C /* Request.swift */; };
		61967EC724E204BC00AA647C /* UserDefaultWrapper.swift in Sources */ = {isa = PBXBuildFile; fileRef = 61967EC524E204BC00AA647C /* UserDefaultWrapper.swift */; };
		61967ECB24E204FB00AA647C /* AppEnvironment.swift in Sources */ = {isa = PBXBuildFile; fileRef = 61967EC824E204FB00AA647C /* AppEnvironment.swift */; };
		61967ECC24E204FB00AA647C /* Request.swift in Sources */ = {isa = PBXBuildFile; fileRef = 61967EC924E204FB00AA647C /* Request.swift */; };
		61967ECD24E204FB00AA647C /* ImageServices.swift in Sources */ = {isa = PBXBuildFile; fileRef = 61967ECA24E204FB00AA647C /* ImageServices.swift */; };
		61967ED224E2053D00AA647C /* Date+Ext.swift in Sources */ = {isa = PBXBuildFile; fileRef = 61967ECE24E2053D00AA647C /* Date+Ext.swift */; };
		61967ED324E2053D00AA647C /* ManagedObjectContext.swift in Sources */ = {isa = PBXBuildFile; fileRef = 61967ECF24E2053D00AA647C /* ManagedObjectContext.swift */; };
		61967ED424E2053D00AA647C /* RSSError.swift in Sources */ = {isa = PBXBuildFile; fileRef = 61967ED024E2053D00AA647C /* RSSError.swift */; };
		61967ED524E2053D00AA647C /* String+Ext.swift in Sources */ = {isa = PBXBuildFile; fileRef = 61967ED124E2053D00AA647C /* String+Ext.swift */; };
		61967EE224E205AD00AA647C /* RSSItemStore.swift in Sources */ = {isa = PBXBuildFile; fileRef = 61967EE024E205AD00AA647C /* RSSItemStore.swift */; };
		61967EE324E205AD00AA647C /* RSSStore.swift in Sources */ = {isa = PBXBuildFile; fileRef = 61967EE124E205AD00AA647C /* RSSStore.swift */; };
		61967EE924E205DD00AA647C /* ActionContextMenu.swift in Sources */ = {isa = PBXBuildFile; fileRef = 61967EE424E205DD00AA647C /* ActionContextMenu.swift */; };
		61967EEA24E205DD00AA647C /* ProgressBar.swift in Sources */ = {isa = PBXBuildFile; fileRef = 61967EE524E205DD00AA647C /* ProgressBar.swift */; };
		61967EEB24E205DD00AA647C /* TextFieldView.swift in Sources */ = {isa = PBXBuildFile; fileRef = 61967EE624E205DD00AA647C /* TextFieldView.swift */; };
		61967EEC24E205DD00AA647C /* SafariView.swift in Sources */ = {isa = PBXBuildFile; fileRef = 61967EE724E205DD00AA647C /* SafariView.swift */; };
		61967EED24E205DD00AA647C /* SectionView.swift in Sources */ = {isa = PBXBuildFile; fileRef = 61967EE824E205DD00AA647C /* SectionView.swift */; };
		61967EF224E2061100AA647C /* RSSFeedViewModel.swift in Sources */ = {isa = PBXBuildFile; fileRef = 61967EEE24E2061100AA647C /* RSSFeedViewModel.swift */; };
		61967EF324E2061100AA647C /* RSSFeedRow.swift in Sources */ = {isa = PBXBuildFile; fileRef = 61967EEF24E2061100AA647C /* RSSFeedRow.swift */; };
		61967EF424E2061100AA647C /* WebView.swift in Sources */ = {isa = PBXBuildFile; fileRef = 61967EF024E2061100AA647C /* WebView.swift */; };
		61967EF524E2061100AA647C /* RSSFeedListView.swift in Sources */ = {isa = PBXBuildFile; fileRef = 61967EF124E2061100AA647C /* RSSFeedListView.swift */; };
		61967EFB24E2063D00AA647C /* SettingView.swift in Sources */ = {isa = PBXBuildFile; fileRef = 61967EF824E2063D00AA647C /* SettingView.swift */; };
		61967F0024E2068400AA647C /* AddRSSView.swift in Sources */ = {isa = PBXBuildFile; fileRef = 61967EFC24E2068400AA647C /* AddRSSView.swift */; };
		61967F0124E2068400AA647C /* AddRSSViewModel.swift in Sources */ = {isa = PBXBuildFile; fileRef = 61967EFD24E2068400AA647C /* AddRSSViewModel.swift */; };
		61967F0324E2068400AA647C /* RSSDisplayView.swift in Sources */ = {isa = PBXBuildFile; fileRef = 61967EFF24E2068400AA647C /* RSSDisplayView.swift */; };
		61967F0924E20D6200AA647C /* RSS.xcdatamodeld in Sources */ = {isa = PBXBuildFile; fileRef = 61967F0724E20D6200AA647C /* RSS.xcdatamodeld */; };
		61B46F69257F038100BF6C87 /* DefaultFeedRow.swift in Sources */ = {isa = PBXBuildFile; fileRef = 61B46F68257F038000BF6C87 /* DefaultFeedRow.swift */; };
		61B46F882580248500BF6C87 /* rssTests.json in Resources */ = {isa = PBXBuildFile; fileRef = 61B46F872580248500BF6C87 /* rssTests.json */; };
		61C8189624E1F3FB00593939 /* AppDelegate.swift in Sources */ = {isa = PBXBuildFile; fileRef = 61C8189524E1F3FB00593939 /* AppDelegate.swift */; };
		61C8189824E1F3FB00593939 /* SceneDelegate.swift in Sources */ = {isa = PBXBuildFile; fileRef = 61C8189724E1F3FB00593939 /* SceneDelegate.swift */; };
		61C8189F24E1F3FD00593939 /* Assets.xcassets in Resources */ = {isa = PBXBuildFile; fileRef = 61C8189E24E1F3FD00593939 /* Assets.xcassets */; };
		61C818A524E1F3FD00593939 /* LaunchScreen.storyboard in Resources */ = {isa = PBXBuildFile; fileRef = 61C818A324E1F3FD00593939 /* LaunchScreen.storyboard */; };
		61C818D624E1F70900593939 /* DataSourceService.swift in Sources */ = {isa = PBXBuildFile; fileRef = 61C818D524E1F70900593939 /* DataSourceService.swift */; };
		61C818DB24E1F77C00593939 /* RSSListViewModel.swift in Sources */ = {isa = PBXBuildFile; fileRef = 61C818DA24E1F77C00593939 /* RSSListViewModel.swift */; };
		61C818DF24E1F7F300593939 /* ArchiveListView.swift in Sources */ = {isa = PBXBuildFile; fileRef = 61C818DE24E1F7F300593939 /* ArchiveListView.swift */; };
		61C818E124E1F81C00593939 /* ArchiveListViewModel.swift in Sources */ = {isa = PBXBuildFile; fileRef = 61C818E024E1F81C00593939 /* ArchiveListViewModel.swift */; };
		61C818E424E1F91B00593939 /* RSSDataSource.swift in Sources */ = {isa = PBXBuildFile; fileRef = 61C818E324E1F91B00593939 /* RSSDataSource.swift */; };
		61C818E724E1F9BA00593939 /* PersistenceManager.swift in Sources */ = {isa = PBXBuildFile; fileRef = 61C818E624E1F9BA00593939 /* PersistenceManager.swift */; };
		61C818E924E1FA7D00593939 /* RSSItemDataSource.swift in Sources */ = {isa = PBXBuildFile; fileRef = 61C818E824E1FA7D00593939 /* RSSItemDataSource.swift */; };
		61C818EB24E1FAB000593939 /* DataSource.swift in Sources */ = {isa = PBXBuildFile; fileRef = 61C818EA24E1FAB000593939 /* DataSource.swift */; };
		61CDCF4B24E843C4007654C5 /* Color+Ext.swift in Sources */ = {isa = PBXBuildFile; fileRef = 61CDCF4A24E843C4007654C5 /* Color+Ext.swift */; };
		61CDCF5724E8459B007654C5 /* LinerProgressBar.swift in Sources */ = {isa = PBXBuildFile; fileRef = 61CDCF5624E8459B007654C5 /* LinerProgressBar.swift */; };
		61CDCF5924E845DE007654C5 /* DocumentPicker.swift in Sources */ = {isa = PBXBuildFile; fileRef = 61CDCF5824E845DE007654C5 /* DocumentPicker.swift */; };
		61CDCF5B24E8461D007654C5 /* RoundRectangleButton.swift in Sources */ = {isa = PBXBuildFile; fileRef = 61CDCF5A24E8461D007654C5 /* RoundRectangleButton.swift */; };
		61CDCF5D24E84645007654C5 /* TextView.swift in Sources */ = {isa = PBXBuildFile; fileRef = 61CDCF5C24E84645007654C5 /* TextView.swift */; };
		61CDCF5F24E8466C007654C5 /* WKWebViewWrapper.swift in Sources */ = {isa = PBXBuildFile; fileRef = 61CDCF5E24E8466C007654C5 /* WKWebViewWrapper.swift */; };
		61DEBE3D25152CB20025B1B3 /* WidgetKit.framework in Frameworks */ = {isa = PBXBuildFile; fileRef = 61DEBE3225152CB20025B1B3 /* WidgetKit.framework */; };
		61DEBE3F25152CB90025B1B3 /* SwiftUI.framework in Frameworks */ = {isa = PBXBuildFile; fileRef = 61DEBE3E25152CB90025B1B3 /* SwiftUI.framework */; };
/* End PBXBuildFile section */

/* Begin PBXContainerItemProxy section */
		6182212F25053FEE005636B2 /* PBXContainerItemProxy */ = {
			isa = PBXContainerItemProxy;
			containerPortal = 61C8188A24E1F3FB00593939 /* Project object */;
			proxyType = 1;
			remoteGlobalIDString = 61C8189124E1F3FB00593939;
			remoteInfo = Feedit;
		};
/* End PBXContainerItemProxy section */

/* Begin PBXCopyFilesBuildPhase section */
		615E96892531FE1E00891083 /* Embed Frameworks */ = {
			isa = PBXCopyFilesBuildPhase;
			buildActionMask = 2147483647;
			dstPath = "";
			dstSubfolderSpec = 10;
			files = (
				61595D16257B1EB6000D6B22 /* RSWeb in Embed Frameworks */,
				61595D11257B1DBE000D6B22 /* RSParser in Embed Frameworks */,
				61595D0C257B1D4F000D6B22 /* RSDatabase in Embed Frameworks */,
				61595D07257B1C6E000D6B22 /* RSCore in Embed Frameworks */,
			);
			name = "Embed Frameworks";
			runOnlyForDeploymentPostprocessing = 0;
		};
		61DEBE5625152D000025B1B3 /* Embed App Extensions */ = {
			isa = PBXCopyFilesBuildPhase;
			buildActionMask = 12;
			dstPath = "";
			dstSubfolderSpec = 13;
			files = (
			);
			name = "Embed App Extensions";
			runOnlyForDeploymentPostprocessing = 0;
		};
/* End PBXCopyFilesBuildPhase section */

/* Begin PBXFileReference section */
		6103807525490A1300222019 /* NavigationBarColor.swift */ = {isa = PBXFileReference; lastKnownFileType = sourcecode.swift; path = NavigationBarColor.swift; sourceTree = "<group>"; };
		6105657625599D8B007DCAA1 /* Subscriptions-OnMyiPhone.opml */ = {isa = PBXFileReference; fileEncoding = 4; lastKnownFileType = text.xml; path = "Subscriptions-OnMyiPhone.opml"; sourceTree = "<group>"; };
		6117364824E83C0600A2DEA5 /* DataUnitView.swift */ = {isa = PBXFileReference; lastKnownFileType = sourcecode.swift; path = DataUnitView.swift; sourceTree = "<group>"; };
		6117365424E83C3E00A2DEA5 /* DataNStorageView.swift */ = {isa = PBXFileReference; lastKnownFileType = sourcecode.swift; path = DataNStorageView.swift; sourceTree = "<group>"; };
		6117365624E83C7B00A2DEA5 /* DataNStorageViewModel.swift */ = {isa = PBXFileReference; lastKnownFileType = sourcecode.swift; path = DataNStorageViewModel.swift; sourceTree = "<group>"; };
		6117365824E83C9F00A2DEA5 /* BatchImportView.swift */ = {isa = PBXFileReference; lastKnownFileType = sourcecode.swift; path = BatchImportView.swift; sourceTree = "<group>"; };
		6117365A24E83CC500A2DEA5 /* BatchImportViewModel.swift */ = {isa = PBXFileReference; lastKnownFileType = sourcecode.swift; path = BatchImportViewModel.swift; sourceTree = "<group>"; };
		612FB83D2540F04000D9822B /* RSSListView.swift */ = {isa = PBXFileReference; fileEncoding = 4; lastKnownFileType = sourcecode.swift; name = RSSListView.swift; path = Feedit/Views/RSSListView.swift; sourceTree = SOURCE_ROOT; };
		615096EA2564BF420001C0D9 /* NavigationBarModifier.swift */ = {isa = PBXFileReference; lastKnownFileType = sourcecode.swift; path = NavigationBarModifier.swift; sourceTree = "<group>"; };
		615899242585CB3000D893CE /* NavigationTitleView.swift */ = {isa = PBXFileReference; fileEncoding = 4; lastKnownFileType = sourcecode.swift; path = NavigationTitleView.swift; sourceTree = "<group>"; };
		61595CF5257B18EE000D6B22 /* DefaultFeeds.opml */ = {isa = PBXFileReference; fileEncoding = 4; lastKnownFileType = text.xml; path = DefaultFeeds.opml; sourceTree = "<group>"; };
		61595D19257B32AE000D6B22 /* Articles */ = {isa = PBXFileReference; lastKnownFileType = folder; path = Articles; sourceTree = "<group>"; };
		61595D1A257B32AF000D6B22 /* ArticlesDatabase */ = {isa = PBXFileReference; lastKnownFileType = folder; path = ArticlesDatabase; sourceTree = "<group>"; };
		61595D1B257B32AF000D6B22 /* Secrets */ = {isa = PBXFileReference; lastKnownFileType = folder; path = Secrets; sourceTree = "<group>"; };
		61595D1C257B32AF000D6B22 /* Account */ = {isa = PBXFileReference; lastKnownFileType = folder; path = Account; sourceTree = "<group>"; };
		61595D1D257B32AF000D6B22 /* SyncDatabase */ = {isa = PBXFileReference; lastKnownFileType = folder; path = SyncDatabase; sourceTree = "<group>"; };
		61595D24257B3A4C000D6B22 /* DefaultFeedsImporter.swift */ = {isa = PBXFileReference; lastKnownFileType = sourcecode.swift; path = DefaultFeedsImporter.swift; sourceTree = "<group>"; };
		61595D4A257C0993000D6B22 /* Tag.swift */ = {isa = PBXFileReference; lastKnownFileType = sourcecode.swift; path = Tag.swift; sourceTree = "<group>"; };
		61595D4D257C0A01000D6B22 /* Color+Random.swift */ = {isa = PBXFileReference; fileEncoding = 4; lastKnownFileType = sourcecode.swift; path = "Color+Random.swift"; sourceTree = "<group>"; };
		61595D4E257C0A03000D6B22 /* UIColor+.swift */ = {isa = PBXFileReference; fileEncoding = 4; lastKnownFileType = sourcecode.swift; path = "UIColor+.swift"; sourceTree = "<group>"; };
		61595D56257C0F58000D6B22 /* IdentifiableAlert.swift */ = {isa = PBXFileReference; fileEncoding = 4; lastKnownFileType = sourcecode.swift; path = IdentifiableAlert.swift; sourceTree = "<group>"; };
		61595D77257C6D3A000D6B22 /* InitialFeedDownloader.swift */ = {isa = PBXFileReference; fileEncoding = 4; lastKnownFileType = sourcecode.swift; path = InitialFeedDownloader.swift; sourceTree = "<group>"; };
		61595D7D257C6DAD000D6B22 /* AccountMetadata.swift */ = {isa = PBXFileReference; fileEncoding = 4; lastKnownFileType = sourcecode.swift; path = AccountMetadata.swift; sourceTree = "<group>"; };
		61595D82257C6DFF000D6B22 /* FeedIdentifier.swift */ = {isa = PBXFileReference; fileEncoding = 4; lastKnownFileType = sourcecode.swift; path = FeedIdentifier.swift; sourceTree = "<group>"; };
		61595D88257C6E45000D6B22 /* UnreadCountProvider.swift */ = {isa = PBXFileReference; fileEncoding = 4; lastKnownFileType = sourcecode.swift; path = UnreadCountProvider.swift; sourceTree = "<group>"; };
		61595D89257C6E47000D6B22 /* WebFeedMetadata.swift */ = {isa = PBXFileReference; fileEncoding = 4; lastKnownFileType = sourcecode.swift; path = WebFeedMetadata.swift; sourceTree = "<group>"; };
		61595D8C257C6E4C000D6B22 /* OPMLNormalizer.swift */ = {isa = PBXFileReference; fileEncoding = 4; lastKnownFileType = sourcecode.swift; path = OPMLNormalizer.swift; sourceTree = "<group>"; };
		61595DAE257C947C000D6B22 /* DefaultFeeds.json */ = {isa = PBXFileReference; fileEncoding = 4; lastKnownFileType = text.json; path = DefaultFeeds.json; sourceTree = "<group>"; };
		61595DB1257C9AE1000D6B22 /* DefaultFeeds.swift */ = {isa = PBXFileReference; lastKnownFileType = sourcecode.swift; path = DefaultFeeds.swift; sourceTree = "<group>"; };
		61595DB5257CA131000D6B22 /* Bundle-Decodable.swift */ = {isa = PBXFileReference; lastKnownFileType = sourcecode.swift; path = "Bundle-Decodable.swift"; sourceTree = "<group>"; };
		615E961825300E5C00891083 /* AppearenceSection.swift */ = {isa = PBXFileReference; lastKnownFileType = sourcecode.swift; path = AppearenceSection.swift; sourceTree = "<group>"; };
		615E961C2530116600891083 /* AppearenceView.swift */ = {isa = PBXFileReference; lastKnownFileType = sourcecode.swift; path = AppearenceView.swift; sourceTree = "<group>"; };
		615E971E25323C1900891083 /* Reachability.swift */ = {isa = PBXFileReference; fileEncoding = 4; lastKnownFileType = sourcecode.swift; path = Reachability.swift; sourceTree = "<group>"; };
		615E983F2533AFAE00891083 /* ContentView.swift */ = {isa = PBXFileReference; fileEncoding = 4; lastKnownFileType = sourcecode.swift; name = ContentView.swift; path = Feedit/Views/ContentView.swift; sourceTree = SOURCE_ROOT; };
		6161FE5625393FA400CB0F00 /* UrlImageModel.swift */ = {isa = PBXFileReference; fileEncoding = 4; lastKnownFileType = sourcecode.swift; path = UrlImageModel.swift; sourceTree = "<group>"; };
		616CAF5F24F7131000690804 /* OPMLParser.swift */ = {isa = PBXFileReference; lastKnownFileType = sourcecode.swift; path = OPMLParser.swift; sourceTree = "<group>"; };
		616CAF6224F7154600690804 /* DateSpec.swift */ = {isa = PBXFileReference; lastKnownFileType = sourcecode.swift; path = DateSpec.swift; sourceTree = "<group>"; };
		616CAF6424F7158200690804 /* RFC3339DateFormatter.swift */ = {isa = PBXFileReference; lastKnownFileType = sourcecode.swift; path = RFC3339DateFormatter.swift; sourceTree = "<group>"; };
		616CAF6624F715B600690804 /* RFC822DateFormatter.swift */ = {isa = PBXFileReference; lastKnownFileType = sourcecode.swift; path = RFC822DateFormatter.swift; sourceTree = "<group>"; };
		616CAF6824F715DD00690804 /* ISO8601DateFormatter.swift */ = {isa = PBXFileReference; lastKnownFileType = sourcecode.swift; path = ISO8601DateFormatter.swift; sourceTree = "<group>"; };
		616CAF9124F974AF00690804 /* SettingViewModel.swift */ = {isa = PBXFileReference; lastKnownFileType = sourcecode.swift; path = SettingViewModel.swift; sourceTree = "<group>"; };
		617B5DE925670F4300228B1D /* CoreDataBestPractices.xcdatamodel */ = {isa = PBXFileReference; lastKnownFileType = wrapper.xcdatamodel; path = CoreDataBestPractices.xcdatamodel; sourceTree = "<group>"; };
		617B5DED25670F5B00228B1D /* Category.swift */ = {isa = PBXFileReference; fileEncoding = 4; lastKnownFileType = sourcecode.swift; path = Category.swift; sourceTree = "<group>"; };
		617B5DEE25670F5C00228B1D /* Article.swift */ = {isa = PBXFileReference; fileEncoding = 4; lastKnownFileType = sourcecode.swift; path = Article.swift; sourceTree = "<group>"; };
		617E4C53255DE8F20010CEE8 /* HomeView.swift */ = {isa = PBXFileReference; lastKnownFileType = sourcecode.swift; path = HomeView.swift; sourceTree = "<group>"; };
		6182212A25053FEE005636B2 /* rssTests.xctest */ = {isa = PBXFileReference; explicitFileType = wrapper.cfbundle; includeInIndex = 0; path = rssTests.xctest; sourceTree = BUILT_PRODUCTS_DIR; };
		6182212C25053FEE005636B2 /* rssTests.swift */ = {isa = PBXFileReference; lastKnownFileType = sourcecode.swift; path = rssTests.swift; sourceTree = "<group>"; };
		6182212E25053FEE005636B2 /* Info.plist */ = {isa = PBXFileReference; lastKnownFileType = text.plist.xml; path = Info.plist; sourceTree = "<group>"; };
		61822138250542BF005636B2 /* OPMLParserTests.swift */ = {isa = PBXFileReference; fileEncoding = 4; lastKnownFileType = sourcecode.swift; path = OPMLParserTests.swift; sourceTree = "<group>"; };
		61822139250542BF005636B2 /* BatchImportViewModelTests.swift */ = {isa = PBXFileReference; fileEncoding = 4; lastKnownFileType = sourcecode.swift; path = BatchImportViewModelTests.swift; sourceTree = "<group>"; };
		6182213C250542E9005636B2 /* Subscriptions-test.opml */ = {isa = PBXFileReference; fileEncoding = 4; lastKnownFileType = text.xml; path = "Subscriptions-test.opml"; sourceTree = "<group>"; };
		618610C4256EE3AB0083A96D /* ArticleViewModel.swift */ = {isa = PBXFileReference; lastKnownFileType = sourcecode.swift; path = ArticleViewModel.swift; sourceTree = "<group>"; };
		618610CC256EF74F0083A96D /* Common Utils.swift */ = {isa = PBXFileReference; fileEncoding = 4; lastKnownFileType = sourcecode.swift; path = "Common Utils.swift"; sourceTree = "<group>"; };
		618610CD256EF7500083A96D /* HTMLScarperUtility.swift */ = {isa = PBXFileReference; fileEncoding = 4; lastKnownFileType = sourcecode.swift; path = HTMLScarperUtility.swift; sourceTree = "<group>"; };
		618610CE256EF7500083A96D /* NetworkReachabilty.swift */ = {isa = PBXFileReference; fileEncoding = 4; lastKnownFileType = sourcecode.swift; path = NetworkReachabilty.swift; sourceTree = "<group>"; };
		618610DE256EFD8D0083A96D /* Constants.swift */ = {isa = PBXFileReference; fileEncoding = 4; lastKnownFileType = sourcecode.swift; path = Constants.swift; sourceTree = "<group>"; };
		618D823C2570327F0061292F /* FeedImageView.swift */ = {isa = PBXFileReference; lastKnownFileType = sourcecode.swift; path = FeedImageView.swift; sourceTree = "<group>"; };
		618F73DB2584291500CA36B4 /* Image-Extensions.swift */ = {isa = PBXFileReference; fileEncoding = 4; lastKnownFileType = sourcecode.swift; path = "Image-Extensions.swift"; sourceTree = "<group>"; };
		618F73DE2584293E00CA36B4 /* HiddenModifier.swift */ = {isa = PBXFileReference; fileEncoding = 4; lastKnownFileType = sourcecode.swift; path = HiddenModifier.swift; sourceTree = "<group>"; };
		618F9026250DCD4F00D5A03E /* ModelHelper.swift */ = {isa = PBXFileReference; fileEncoding = 4; lastKnownFileType = sourcecode.swift; path = ModelHelper.swift; sourceTree = "<group>"; };
		618F9027250DCD4F00D5A03E /* RSS+CoreDataClass.swift */ = {isa = PBXFileReference; fileEncoding = 4; lastKnownFileType = sourcecode.swift; path = "RSS+CoreDataClass.swift"; sourceTree = "<group>"; };
		618F9028250DCD4F00D5A03E /* RSS+CoreDataProperties.swift */ = {isa = PBXFileReference; fileEncoding = 4; lastKnownFileType = sourcecode.swift; path = "RSS+CoreDataProperties.swift"; sourceTree = "<group>"; };
		618F9029250DCD4F00D5A03E /* RSSItem+CoreDataClass.swift */ = {isa = PBXFileReference; fileEncoding = 4; lastKnownFileType = sourcecode.swift; path = "RSSItem+CoreDataClass.swift"; sourceTree = "<group>"; };
		618F902A250DCD4F00D5A03E /* RSSItem+CoreDataProperties.swift */ = {isa = PBXFileReference; fileEncoding = 4; lastKnownFileType = sourcecode.swift; path = "RSSItem+CoreDataProperties.swift"; sourceTree = "<group>"; };
		61967EC524E204BC00AA647C /* UserDefaultWrapper.swift */ = {isa = PBXFileReference; fileEncoding = 4; lastKnownFileType = sourcecode.swift; path = UserDefaultWrapper.swift; sourceTree = "<group>"; };
		61967EC824E204FB00AA647C /* AppEnvironment.swift */ = {isa = PBXFileReference; fileEncoding = 4; lastKnownFileType = sourcecode.swift; path = AppEnvironment.swift; sourceTree = "<group>"; };
		61967EC924E204FB00AA647C /* Request.swift */ = {isa = PBXFileReference; fileEncoding = 4; lastKnownFileType = sourcecode.swift; path = Request.swift; sourceTree = "<group>"; };
		61967ECA24E204FB00AA647C /* ImageServices.swift */ = {isa = PBXFileReference; fileEncoding = 4; lastKnownFileType = sourcecode.swift; path = ImageServices.swift; sourceTree = "<group>"; };
		61967ECE24E2053D00AA647C /* Date+Ext.swift */ = {isa = PBXFileReference; fileEncoding = 4; lastKnownFileType = sourcecode.swift; path = "Date+Ext.swift"; sourceTree = "<group>"; };
		61967ECF24E2053D00AA647C /* ManagedObjectContext.swift */ = {isa = PBXFileReference; fileEncoding = 4; lastKnownFileType = sourcecode.swift; path = ManagedObjectContext.swift; sourceTree = "<group>"; };
		61967ED024E2053D00AA647C /* RSSError.swift */ = {isa = PBXFileReference; fileEncoding = 4; lastKnownFileType = sourcecode.swift; path = RSSError.swift; sourceTree = "<group>"; };
		61967ED124E2053D00AA647C /* String+Ext.swift */ = {isa = PBXFileReference; fileEncoding = 4; lastKnownFileType = sourcecode.swift; path = "String+Ext.swift"; sourceTree = "<group>"; };
		61967EE024E205AD00AA647C /* RSSItemStore.swift */ = {isa = PBXFileReference; fileEncoding = 4; lastKnownFileType = sourcecode.swift; path = RSSItemStore.swift; sourceTree = "<group>"; };
		61967EE124E205AD00AA647C /* RSSStore.swift */ = {isa = PBXFileReference; fileEncoding = 4; lastKnownFileType = sourcecode.swift; path = RSSStore.swift; sourceTree = "<group>"; };
		61967EE424E205DD00AA647C /* ActionContextMenu.swift */ = {isa = PBXFileReference; fileEncoding = 4; lastKnownFileType = sourcecode.swift; path = ActionContextMenu.swift; sourceTree = "<group>"; };
		61967EE524E205DD00AA647C /* ProgressBar.swift */ = {isa = PBXFileReference; fileEncoding = 4; lastKnownFileType = sourcecode.swift; path = ProgressBar.swift; sourceTree = "<group>"; };
		61967EE624E205DD00AA647C /* TextFieldView.swift */ = {isa = PBXFileReference; fileEncoding = 4; lastKnownFileType = sourcecode.swift; path = TextFieldView.swift; sourceTree = "<group>"; };
		61967EE724E205DD00AA647C /* SafariView.swift */ = {isa = PBXFileReference; fileEncoding = 4; lastKnownFileType = sourcecode.swift; path = SafariView.swift; sourceTree = "<group>"; };
		61967EE824E205DD00AA647C /* SectionView.swift */ = {isa = PBXFileReference; fileEncoding = 4; lastKnownFileType = sourcecode.swift; path = SectionView.swift; sourceTree = "<group>"; };
		61967EEE24E2061100AA647C /* RSSFeedViewModel.swift */ = {isa = PBXFileReference; fileEncoding = 4; lastKnownFileType = sourcecode.swift; path = RSSFeedViewModel.swift; sourceTree = "<group>"; };
		61967EEF24E2061100AA647C /* RSSFeedRow.swift */ = {isa = PBXFileReference; fileEncoding = 4; lastKnownFileType = sourcecode.swift; path = RSSFeedRow.swift; sourceTree = "<group>"; };
		61967EF024E2061100AA647C /* WebView.swift */ = {isa = PBXFileReference; fileEncoding = 4; lastKnownFileType = sourcecode.swift; path = WebView.swift; sourceTree = "<group>"; };
		61967EF124E2061100AA647C /* RSSFeedListView.swift */ = {isa = PBXFileReference; fileEncoding = 4; lastKnownFileType = sourcecode.swift; path = RSSFeedListView.swift; sourceTree = "<group>"; };
		61967EF824E2063D00AA647C /* SettingView.swift */ = {isa = PBXFileReference; fileEncoding = 4; lastKnownFileType = sourcecode.swift; path = SettingView.swift; sourceTree = "<group>"; };
		61967EFC24E2068400AA647C /* AddRSSView.swift */ = {isa = PBXFileReference; fileEncoding = 4; lastKnownFileType = sourcecode.swift; path = AddRSSView.swift; sourceTree = "<group>"; };
		61967EFD24E2068400AA647C /* AddRSSViewModel.swift */ = {isa = PBXFileReference; fileEncoding = 4; lastKnownFileType = sourcecode.swift; path = AddRSSViewModel.swift; sourceTree = "<group>"; };
		61967EFE24E2068400AA647C /* RSSRow.swift */ = {isa = PBXFileReference; fileEncoding = 4; lastKnownFileType = sourcecode.swift; path = RSSRow.swift; sourceTree = "<group>"; };
		61967EFF24E2068400AA647C /* RSSDisplayView.swift */ = {isa = PBXFileReference; fileEncoding = 4; lastKnownFileType = sourcecode.swift; path = RSSDisplayView.swift; sourceTree = "<group>"; };
		61967F0624E2096100AA647C /* Info.plist */ = {isa = PBXFileReference; lastKnownFileType = text.plist.xml; path = Info.plist; sourceTree = "<group>"; };
		61967F0824E20D6200AA647C /* RSS.xcdatamodel */ = {isa = PBXFileReference; lastKnownFileType = wrapper.xcdatamodel; path = RSS.xcdatamodel; sourceTree = "<group>"; };
		61B46F68257F038000BF6C87 /* DefaultFeedRow.swift */ = {isa = PBXFileReference; lastKnownFileType = sourcecode.swift; path = DefaultFeedRow.swift; sourceTree = "<group>"; };
		61B46F872580248500BF6C87 /* rssTests.json */ = {isa = PBXFileReference; fileEncoding = 4; lastKnownFileType = text.json; path = rssTests.json; sourceTree = "<group>"; };
		61C8189224E1F3FB00593939 /* Feedit.app */ = {isa = PBXFileReference; explicitFileType = wrapper.application; includeInIndex = 0; path = Feedit.app; sourceTree = BUILT_PRODUCTS_DIR; };
		61C8189524E1F3FB00593939 /* AppDelegate.swift */ = {isa = PBXFileReference; lastKnownFileType = sourcecode.swift; path = AppDelegate.swift; sourceTree = "<group>"; };
		61C8189724E1F3FB00593939 /* SceneDelegate.swift */ = {isa = PBXFileReference; lastKnownFileType = sourcecode.swift; path = SceneDelegate.swift; sourceTree = "<group>"; };
		61C8189E24E1F3FD00593939 /* Assets.xcassets */ = {isa = PBXFileReference; lastKnownFileType = folder.assetcatalog; path = Assets.xcassets; sourceTree = "<group>"; };
		61C818A424E1F3FD00593939 /* Base */ = {isa = PBXFileReference; lastKnownFileType = file.storyboard; name = Base; path = Base.lproj/LaunchScreen.storyboard; sourceTree = "<group>"; };
		61C818D524E1F70900593939 /* DataSourceService.swift */ = {isa = PBXFileReference; lastKnownFileType = sourcecode.swift; path = DataSourceService.swift; sourceTree = "<group>"; };
		61C818DA24E1F77C00593939 /* RSSListViewModel.swift */ = {isa = PBXFileReference; lastKnownFileType = sourcecode.swift; path = RSSListViewModel.swift; sourceTree = "<group>"; };
		61C818DE24E1F7F300593939 /* ArchiveListView.swift */ = {isa = PBXFileReference; lastKnownFileType = sourcecode.swift; path = ArchiveListView.swift; sourceTree = "<group>"; };
		61C818E024E1F81C00593939 /* ArchiveListViewModel.swift */ = {isa = PBXFileReference; lastKnownFileType = sourcecode.swift; path = ArchiveListViewModel.swift; sourceTree = "<group>"; };
		61C818E324E1F91B00593939 /* RSSDataSource.swift */ = {isa = PBXFileReference; lastKnownFileType = sourcecode.swift; path = RSSDataSource.swift; sourceTree = "<group>"; };
		61C818E624E1F9BA00593939 /* PersistenceManager.swift */ = {isa = PBXFileReference; lastKnownFileType = sourcecode.swift; path = PersistenceManager.swift; sourceTree = "<group>"; };
		61C818E824E1FA7D00593939 /* RSSItemDataSource.swift */ = {isa = PBXFileReference; lastKnownFileType = sourcecode.swift; path = RSSItemDataSource.swift; sourceTree = "<group>"; };
		61C818EA24E1FAB000593939 /* DataSource.swift */ = {isa = PBXFileReference; lastKnownFileType = sourcecode.swift; path = DataSource.swift; sourceTree = "<group>"; };
		61CDCF4A24E843C4007654C5 /* Color+Ext.swift */ = {isa = PBXFileReference; lastKnownFileType = sourcecode.swift; path = "Color+Ext.swift"; sourceTree = "<group>"; };
		61CDCF5624E8459B007654C5 /* LinerProgressBar.swift */ = {isa = PBXFileReference; lastKnownFileType = sourcecode.swift; path = LinerProgressBar.swift; sourceTree = "<group>"; };
		61CDCF5824E845DE007654C5 /* DocumentPicker.swift */ = {isa = PBXFileReference; lastKnownFileType = sourcecode.swift; path = DocumentPicker.swift; sourceTree = "<group>"; };
		61CDCF5A24E8461D007654C5 /* RoundRectangleButton.swift */ = {isa = PBXFileReference; lastKnownFileType = sourcecode.swift; path = RoundRectangleButton.swift; sourceTree = "<group>"; };
		61CDCF5C24E84645007654C5 /* TextView.swift */ = {isa = PBXFileReference; lastKnownFileType = sourcecode.swift; path = TextView.swift; sourceTree = "<group>"; };
		61CDCF5E24E8466C007654C5 /* WKWebViewWrapper.swift */ = {isa = PBXFileReference; lastKnownFileType = sourcecode.swift; path = WKWebViewWrapper.swift; sourceTree = "<group>"; };
		61CDCF6724E84D5E007654C5 /* rss.entitlements */ = {isa = PBXFileReference; lastKnownFileType = text.plist.entitlements; path = rss.entitlements; sourceTree = "<group>"; };
		61DEBE3225152CB20025B1B3 /* WidgetKit.framework */ = {isa = PBXFileReference; lastKnownFileType = wrapper.framework; name = WidgetKit.framework; path = System/Library/Frameworks/WidgetKit.framework; sourceTree = SDKROOT; };
		61DEBE3E25152CB90025B1B3 /* SwiftUI.framework */ = {isa = PBXFileReference; lastKnownFileType = wrapper.framework; name = SwiftUI.framework; path = System/Library/Frameworks/SwiftUI.framework; sourceTree = SDKROOT; };
/* End PBXFileReference section */

/* Begin PBXFrameworksBuildPhase section */
		6182212725053FEE005636B2 /* Frameworks */ = {
			isa = PBXFrameworksBuildPhase;
			buildActionMask = 2147483647;
			files = (
			);
			runOnlyForDeploymentPostprocessing = 0;
		};
		61C8188F24E1F3FB00593939 /* Frameworks */ = {
			isa = PBXFrameworksBuildPhase;
			buildActionMask = 2147483647;
			files = (
				61595D10257B1DBE000D6B22 /* RSParser in Frameworks */,
				61595D06257B1C6E000D6B22 /* RSCore in Frameworks */,
				615096E3256377E00001C0D9 /* SwiftUIX in Frameworks */,
				618610DC256EF8420083A96D /* Reachability in Frameworks */,
				616121E8255367590074F061 /* PureLayout in Frameworks */,
				61595D0B257B1D4F000D6B22 /* RSDatabase in Frameworks */,
				616121EC2553678B0074F061 /* AFNetworking in Frameworks */,
				616121E42553670B0074F061 /* FeedKit in Frameworks */,
				61595D15257B1EB6000D6B22 /* RSWeb in Frameworks */,
				618610B3256ED5BE0083A96D /* KingfisherSwiftUI in Frameworks */,
				616121F0255367B60074F061 /* SDWebImageSwiftUI in Frameworks */,
				616121D7255366A00074F061 /* ModalView in Frameworks */,
				618610D5256EF7A00083A96D /* SwiftSoup in Frameworks */,
				61DEBE3F25152CB90025B1B3 /* SwiftUI.framework in Frameworks */,
				61453B17255CC5920060EBB6 /* URLImage in Frameworks */,
				61DEBE3D25152CB20025B1B3 /* WidgetKit.framework in Frameworks */,
			);
			runOnlyForDeploymentPostprocessing = 0;
		};
/* End PBXFrameworksBuildPhase section */

/* Begin PBXGroup section */
		61595D6C257C6372000D6B22 /* ImportExport */ = {
			isa = PBXGroup;
			children = (
				61595D7D257C6DAD000D6B22 /* AccountMetadata.swift */,
				61595D77257C6D3A000D6B22 /* InitialFeedDownloader.swift */,
				616CAF5F24F7131000690804 /* OPMLParser.swift */,
				61595D82257C6DFF000D6B22 /* FeedIdentifier.swift */,
				61595D8C257C6E4C000D6B22 /* OPMLNormalizer.swift */,
				61595D88257C6E45000D6B22 /* UnreadCountProvider.swift */,
				61595D89257C6E47000D6B22 /* WebFeedMetadata.swift */,
			);
			path = ImportExport;
			sourceTree = "<group>";
		};
		616CAF6124F7146700690804 /* Dates */ = {
			isa = PBXGroup;
			children = (
				616CAF6224F7154600690804 /* DateSpec.swift */,
				616CAF6424F7158200690804 /* RFC3339DateFormatter.swift */,
				616CAF6624F715B600690804 /* RFC822DateFormatter.swift */,
				616CAF6824F715DD00690804 /* ISO8601DateFormatter.swift */,
			);
			path = Dates;
			sourceTree = "<group>";
		};
		617B5DE725670F1200228B1D /* Datasources - Article + Category */ = {
			isa = PBXGroup;
			children = (
				617B5DEC25670F4E00228B1D /* Models */,
				617B5DE825670F4300228B1D /* DataModel.xcdatamodeld */,
			);
			path = "Datasources - Article + Category";
			sourceTree = "<group>";
		};
		617B5DEC25670F4E00228B1D /* Models */ = {
			isa = PBXGroup;
			children = (
				617B5DEE25670F5C00228B1D /* Article.swift */,
				617B5DED25670F5B00228B1D /* Category.swift */,
			);
			path = Models;
			sourceTree = "<group>";
		};
		6182212B25053FEE005636B2 /* rssTests */ = {
			isa = PBXGroup;
			children = (
				6182213C250542E9005636B2 /* Subscriptions-test.opml */,
				61B46F872580248500BF6C87 /* rssTests.json */,
				6182212C25053FEE005636B2 /* rssTests.swift */,
				6105657625599D8B007DCAA1 /* Subscriptions-OnMyiPhone.opml */,
				6182212E25053FEE005636B2 /* Info.plist */,
				61822139250542BF005636B2 /* BatchImportViewModelTests.swift */,
				61822138250542BF005636B2 /* OPMLParserTests.swift */,
			);
			path = rssTests;
			sourceTree = "<group>";
		};
		618610CB256EF7460083A96D /* Utilities */ = {
			isa = PBXGroup;
			children = (
				618610CC256EF74F0083A96D /* Common Utils.swift */,
				618610CD256EF7500083A96D /* HTMLScarperUtility.swift */,
				618610DE256EFD8D0083A96D /* Constants.swift */,
				618610CE256EF7500083A96D /* NetworkReachabilty.swift */,
			);
			path = Utilities;
			sourceTree = "<group>";
		};
		618F9025250DCD4F00D5A03E /* Models */ = {
			isa = PBXGroup;
			children = (
				61F9D6C1256A3E41005776C6 /* Core Data */,
				61967F0724E20D6200AA647C /* RSS.xcdatamodeld */,
				618F9027250DCD4F00D5A03E /* RSS+CoreDataClass.swift */,
				618F9029250DCD4F00D5A03E /* RSSItem+CoreDataClass.swift */,
				618F9026250DCD4F00D5A03E /* ModelHelper.swift */,
				618F9028250DCD4F00D5A03E /* RSS+CoreDataProperties.swift */,
				618F902A250DCD4F00D5A03E /* RSSItem+CoreDataProperties.swift */,
			);
			path = Models;
			sourceTree = "<group>";
		};
		61B46F72257FE3D000BF6C87 /* DefaultFeeds */ = {
			isa = PBXGroup;
			children = (
				61595D56257C0F58000D6B22 /* IdentifiableAlert.swift */,
				61595D24257B3A4C000D6B22 /* DefaultFeedsImporter.swift */,
				61595DAE257C947C000D6B22 /* DefaultFeeds.json */,
				61595CF5257B18EE000D6B22 /* DefaultFeeds.opml */,
				61B46F68257F038000BF6C87 /* DefaultFeedRow.swift */,
				61595DB1257C9AE1000D6B22 /* DefaultFeeds.swift */,
				61595DB5257CA131000D6B22 /* Bundle-Decodable.swift */,
			);
			path = DefaultFeeds;
			sourceTree = "<group>";
		};
		61C8188924E1F3FB00593939 = {
			isa = PBXGroup;
			children = (
				61C8189424E1F3FB00593939 /* Feedit */,
				6182212B25053FEE005636B2 /* rssTests */,
				61C8189324E1F3FB00593939 /* Products */,
				61C818CD24E1F4A900593939 /* Frameworks */,
				61595D1C257B32AF000D6B22 /* Account */,
				61595D19257B32AE000D6B22 /* Articles */,
				61595D1A257B32AF000D6B22 /* ArticlesDatabase */,
				61595D1B257B32AF000D6B22 /* Secrets */,
				61595D1D257B32AF000D6B22 /* SyncDatabase */,
			);
			sourceTree = "<group>";
		};
		61C8189324E1F3FB00593939 /* Products */ = {
			isa = PBXGroup;
			children = (
				61C8189224E1F3FB00593939 /* Feedit.app */,
				6182212A25053FEE005636B2 /* rssTests.xctest */,
			);
			name = Products;
			sourceTree = "<group>";
		};
		61C8189424E1F3FB00593939 /* Feedit */ = {
			isa = PBXGroup;
			children = (
				618610CB256EF7460083A96D /* Utilities */,
				61C8189524E1F3FB00593939 /* AppDelegate.swift */,
				61C8189724E1F3FB00593939 /* SceneDelegate.swift */,
				61C818A324E1F3FD00593939 /* LaunchScreen.storyboard */,
				615E971E25323C1900891083 /* Reachability.swift */,
				61967F0624E2096100AA647C /* Info.plist */,
				61CDCF6724E84D5E007654C5 /* rss.entitlements */,
				61C818EC24E1FAF700593939 /* Wrapper */,
				61C818D424E1F6F000593939 /* Services */,
				61C818ED24E1FB0700593939 /* Extension */,
				617B5DE725670F1200228B1D /* Datasources - Article + Category */,
				61C818E524E1F99900593939 /* Persistence */,
				61C818EF24E1FB2600593939 /* CommonViews */,
				618F9025250DCD4F00D5A03E /* Models */,
				61C818D124E1F65D00593939 /* Views */,
				61C8189E24E1F3FD00593939 /* Assets.xcassets */,
			);
			path = Feedit;
			sourceTree = "<group>";
		};
		61C818CD24E1F4A900593939 /* Frameworks */ = {
			isa = PBXGroup;
			children = (
				61DEBE3E25152CB90025B1B3 /* SwiftUI.framework */,
				61DEBE3225152CB20025B1B3 /* WidgetKit.framework */,
			);
			name = Frameworks;
			sourceTree = "<group>";
		};
		61C818D124E1F65D00593939 /* Views */ = {
			isa = PBXGroup;
			children = (
				61B46F72257FE3D000BF6C87 /* DefaultFeeds */,
				61C818F024E1FB4F00593939 /* Setting */,
				61C818DC24E1F7AE00593939 /* Tagged */,
				61C818F124E1FB6600593939 /* RSSFeed */,
				61C818D724E1F73C00593939 /* RSS */,
				618F73DB2584291500CA36B4 /* Image-Extensions.swift */,
				615E983F2533AFAE00891083 /* ContentView.swift */,
				617E4C53255DE8F20010CEE8 /* HomeView.swift */,
			);
			path = Views;
			sourceTree = "<group>";
		};
		61C818D424E1F6F000593939 /* Services */ = {
			isa = PBXGroup;
			children = (
				61595D6C257C6372000D6B22 /* ImportExport */,
				61967EC824E204FB00AA647C /* AppEnvironment.swift */,
				61C818D524E1F70900593939 /* DataSourceService.swift */,
				61967EC924E204FB00AA647C /* Request.swift */,
				61967ECA24E204FB00AA647C /* ImageServices.swift */,
				6161FE5625393FA400CB0F00 /* UrlImageModel.swift */,
			);
			path = Services;
			sourceTree = "<group>";
		};
		61C818D724E1F73C00593939 /* RSS */ = {
			isa = PBXGroup;
			children = (
				61595D4A257C0993000D6B22 /* Tag.swift */,
				61967EFC24E2068400AA647C /* AddRSSView.swift */,
				61967EFD24E2068400AA647C /* AddRSSViewModel.swift */,
				61967EFE24E2068400AA647C /* RSSRow.swift */,
				61967EFF24E2068400AA647C /* RSSDisplayView.swift */,
				612FB83D2540F04000D9822B /* RSSListView.swift */,
				61C818DA24E1F77C00593939 /* RSSListViewModel.swift */,
				618F73DE2584293E00CA36B4 /* HiddenModifier.swift */,
			);
			path = RSS;
			sourceTree = "<group>";
		};
		61C818DC24E1F7AE00593939 /* Tagged */ = {
			isa = PBXGroup;
			children = (
				61C818DE24E1F7F300593939 /* ArchiveListView.swift */,
				61C818E024E1F81C00593939 /* ArchiveListViewModel.swift */,
			);
			path = Tagged;
			sourceTree = "<group>";
		};
		61C818E224E1F90000593939 /* RSS */ = {
			isa = PBXGroup;
			children = (
				61C818E324E1F91B00593939 /* RSSDataSource.swift */,
			);
			path = RSS;
			sourceTree = "<group>";
		};
		61C818E524E1F99900593939 /* Persistence */ = {
			isa = PBXGroup;
			children = (
				61967EE024E205AD00AA647C /* RSSItemStore.swift */,
				61967EE124E205AD00AA647C /* RSSStore.swift */,
				61C818E624E1F9BA00593939 /* PersistenceManager.swift */,
			);
			path = Persistence;
			sourceTree = "<group>";
		};
		61C818EC24E1FAF700593939 /* Wrapper */ = {
			isa = PBXGroup;
			children = (
				61967EC524E204BC00AA647C /* UserDefaultWrapper.swift */,
			);
			path = Wrapper;
			sourceTree = "<group>";
		};
		61C818ED24E1FB0700593939 /* Extension */ = {
			isa = PBXGroup;
			children = (
				616CAF6124F7146700690804 /* Dates */,
				61967ECE24E2053D00AA647C /* Date+Ext.swift */,
				61967ECF24E2053D00AA647C /* ManagedObjectContext.swift */,
				61967ED024E2053D00AA647C /* RSSError.swift */,
				61967ED124E2053D00AA647C /* String+Ext.swift */,
				61CDCF4A24E843C4007654C5 /* Color+Ext.swift */,
				61595D4D257C0A01000D6B22 /* Color+Random.swift */,
				61595D4E257C0A03000D6B22 /* UIColor+.swift */,
			);
			path = Extension;
			sourceTree = "<group>";
		};
		61C818EF24E1FB2600593939 /* CommonViews */ = {
			isa = PBXGroup;
			children = (
				6103807525490A1300222019 /* NavigationBarColor.swift */,
				615096EA2564BF420001C0D9 /* NavigationBarModifier.swift */,
				61CDCF5824E845DE007654C5 /* DocumentPicker.swift */,
				61967EE424E205DD00AA647C /* ActionContextMenu.swift */,
				61967EE524E205DD00AA647C /* ProgressBar.swift */,
				61967EE724E205DD00AA647C /* SafariView.swift */,
				61967EE624E205DD00AA647C /* TextFieldView.swift */,
				61CDCF5624E8459B007654C5 /* LinerProgressBar.swift */,
				61CDCF5A24E8461D007654C5 /* RoundRectangleButton.swift */,
				61CDCF5C24E84645007654C5 /* TextView.swift */,
				61CDCF5E24E8466C007654C5 /* WKWebViewWrapper.swift */,
				61967EE824E205DD00AA647C /* SectionView.swift */,
			);
			path = CommonViews;
			sourceTree = "<group>";
		};
		61C818F024E1FB4F00593939 /* Setting */ = {
			isa = PBXGroup;
			children = (
				61967EF824E2063D00AA647C /* SettingView.swift */,
				616CAF9124F974AF00690804 /* SettingViewModel.swift */,
				6117364824E83C0600A2DEA5 /* DataUnitView.swift */,
				6117365424E83C3E00A2DEA5 /* DataNStorageView.swift */,
				6117365624E83C7B00A2DEA5 /* DataNStorageViewModel.swift */,
				6117365824E83C9F00A2DEA5 /* BatchImportView.swift */,
				6117365A24E83CC500A2DEA5 /* BatchImportViewModel.swift */,
				615E961825300E5C00891083 /* AppearenceSection.swift */,
				615E961C2530116600891083 /* AppearenceView.swift */,
			);
			path = Setting;
			sourceTree = "<group>";
		};
		61C818F124E1FB6600593939 /* RSSFeed */ = {
			isa = PBXGroup;
			children = (
				618610C4256EE3AB0083A96D /* ArticleViewModel.swift */,
				61967EF124E2061100AA647C /* RSSFeedListView.swift */,
				61967EEF24E2061100AA647C /* RSSFeedRow.swift */,
				618D823C2570327F0061292F /* FeedImageView.swift */,
				61967EEE24E2061100AA647C /* RSSFeedViewModel.swift */,
				615899242585CB3000D893CE /* NavigationTitleView.swift */,
				61967EF024E2061100AA647C /* WebView.swift */,
			);
			path = RSSFeed;
			sourceTree = "<group>";
		};
		61F9D6C1256A3E41005776C6 /* Core Data */ = {
			isa = PBXGroup;
			children = (
				61F9D6CA256A4309005776C6 /* RSSItem */,
				61C818EA24E1FAB000593939 /* DataSource.swift */,
				61C818E224E1F90000593939 /* RSS */,
			);
			path = "Core Data";
			sourceTree = "<group>";
		};
		61F9D6CA256A4309005776C6 /* RSSItem */ = {
			isa = PBXGroup;
			children = (
				61C818E824E1FA7D00593939 /* RSSItemDataSource.swift */,
			);
			path = RSSItem;
			sourceTree = "<group>";
		};
/* End PBXGroup section */

/* Begin PBXNativeTarget section */
		6182212925053FEE005636B2 /* rssTests */ = {
			isa = PBXNativeTarget;
			buildConfigurationList = 6182213125053FEE005636B2 /* Build configuration list for PBXNativeTarget "rssTests" */;
			buildPhases = (
				6182212625053FEE005636B2 /* Sources */,
				6182212725053FEE005636B2 /* Frameworks */,
				6182212825053FEE005636B2 /* Resources */,
			);
			buildRules = (
			);
			dependencies = (
				6182213025053FEE005636B2 /* PBXTargetDependency */,
			);
			name = rssTests;
			productName = rssTests;
			productReference = 6182212A25053FEE005636B2 /* rssTests.xctest */;
			productType = "com.apple.product-type.bundle.unit-test";
		};
		61C8189124E1F3FB00593939 /* Feedit */ = {
			isa = PBXNativeTarget;
			buildConfigurationList = 61C818A924E1F3FD00593939 /* Build configuration list for PBXNativeTarget "Feedit" */;
			buildPhases = (
				61C8188E24E1F3FB00593939 /* Sources */,
				61C8188F24E1F3FB00593939 /* Frameworks */,
				61C8189024E1F3FB00593939 /* Resources */,
				61DEBE5625152D000025B1B3 /* Embed App Extensions */,
				615E96892531FE1E00891083 /* Embed Frameworks */,
			);
			buildRules = (
			);
			dependencies = (
				61595D30257B3B38000D6B22 /* PBXTargetDependency */,
				61595D2E257B3B32000D6B22 /* PBXTargetDependency */,
				61595D2C257B3B2C000D6B22 /* PBXTargetDependency */,
				61595D2A257B3B26000D6B22 /* PBXTargetDependency */,
				61595D28257B3B20000D6B22 /* PBXTargetDependency */,
				618610D8256EF7AB0083A96D /* PBXTargetDependency */,
				618610B6256ED5EC0083A96D /* PBXTargetDependency */,
				615096E62563781A0001C0D9 /* PBXTargetDependency */,
				61453B1B255CC5D10060EBB6 /* PBXTargetDependency */,
				616121FD255376FF0074F061 /* PBXTargetDependency */,
				616121FB255376F90074F061 /* PBXTargetDependency */,
				616121F9255376F30074F061 /* PBXTargetDependency */,
				6193AEF82536481A00EF8460 /* PBXTargetDependency */,
				615E989F2534046A00891083 /* PBXTargetDependency */,
				6168D6D42548D39600A7B8B9 /* PBXTargetDependency */,
			);
			name = Feedit;
			packageProductDependencies = (
				616121D6255366A00074F061 /* ModalView */,
				616121E32553670B0074F061 /* FeedKit */,
				616121E7255367590074F061 /* PureLayout */,
				616121EB2553678B0074F061 /* AFNetworking */,
				616121EF255367B60074F061 /* SDWebImageSwiftUI */,
				61453B16255CC5920060EBB6 /* URLImage */,
				615096E2256377E00001C0D9 /* SwiftUIX */,
				618610B2256ED5BE0083A96D /* KingfisherSwiftUI */,
				618610D4256EF7A00083A96D /* SwiftSoup */,
				618610DB256EF8420083A96D /* Reachability */,
				61595D05257B1C6E000D6B22 /* RSCore */,
				61595D0A257B1D4F000D6B22 /* RSDatabase */,
				61595D0F257B1DBE000D6B22 /* RSParser */,
				61595D14257B1EB6000D6B22 /* RSWeb */,
			);
			productName = Feedit;
			productReference = 61C8189224E1F3FB00593939 /* Feedit.app */;
			productType = "com.apple.product-type.application";
		};
/* End PBXNativeTarget section */

/* Begin PBXProject section */
		61C8188A24E1F3FB00593939 /* Project object */ = {
			isa = PBXProject;
			attributes = {
				LastSwiftUpdateCheck = 1220;
				LastUpgradeCheck = 1220;
				TargetAttributes = {
					6182212925053FEE005636B2 = {
						CreatedOnToolsVersion = 12.0;
						TestTargetID = 61C8189124E1F3FB00593939;
					};
					61C8189124E1F3FB00593939 = {
						CreatedOnToolsVersion = 12.0;
					};
				};
			};
			buildConfigurationList = 61C8188D24E1F3FB00593939 /* Build configuration list for PBXProject "Feedit" */;
			compatibilityVersion = "Xcode 9.3";
			developmentRegion = en;
			hasScannedForEncodings = 0;
			knownRegions = (
				en,
				Base,
			);
			mainGroup = 61C8188924E1F3FB00593939;
			packageReferences = (
				616121D5255366A00074F061 /* XCRemoteSwiftPackageReference "modal-view" */,
				616121E22553670B0074F061 /* XCRemoteSwiftPackageReference "FeedKit" */,
				616121E6255367590074F061 /* XCRemoteSwiftPackageReference "PureLayout" */,
				616121EA2553678B0074F061 /* XCRemoteSwiftPackageReference "AFNetworking" */,
				616121EE255367B60074F061 /* XCRemoteSwiftPackageReference "SDWebImageSwiftUI" */,
				61453B15255CC5910060EBB6 /* XCRemoteSwiftPackageReference "url-image" */,
				615096E1256377DE0001C0D9 /* XCRemoteSwiftPackageReference "SwiftUIX" */,
				618610B1256ED5BE0083A96D /* XCRemoteSwiftPackageReference "Kingfisher" */,
				618610D3256EF7A00083A96D /* XCRemoteSwiftPackageReference "SwiftSoup" */,
				618610DA256EF8420083A96D /* XCRemoteSwiftPackageReference "Reachability.swift" */,
				61595D04257B1C6E000D6B22 /* XCRemoteSwiftPackageReference "RSCore" */,
				61595D09257B1D4F000D6B22 /* XCRemoteSwiftPackageReference "RSDatabase" */,
				61595D0E257B1DBE000D6B22 /* XCRemoteSwiftPackageReference "RSParser" */,
				61595D13257B1EB6000D6B22 /* XCRemoteSwiftPackageReference "RSWeb" */,
			);
			productRefGroup = 61C8189324E1F3FB00593939 /* Products */;
			projectDirPath = "";
			projectRoot = "";
			targets = (
				61C8189124E1F3FB00593939 /* Feedit */,
				6182212925053FEE005636B2 /* rssTests */,
			);
		};
/* End PBXProject section */

/* Begin PBXResourcesBuildPhase section */
		6182212825053FEE005636B2 /* Resources */ = {
			isa = PBXResourcesBuildPhase;
			buildActionMask = 2147483647;
			files = (
				6182213D250542E9005636B2 /* Subscriptions-test.opml in Resources */,
				61595CF6257B18EE000D6B22 /* DefaultFeeds.opml in Resources */,
				61B46F882580248500BF6C87 /* rssTests.json in Resources */,
				6105657725599D8B007DCAA1 /* Subscriptions-OnMyiPhone.opml in Resources */,
			);
			runOnlyForDeploymentPostprocessing = 0;
		};
		61C8189024E1F3FB00593939 /* Resources */ = {
			isa = PBXResourcesBuildPhase;
			buildActionMask = 2147483647;
			files = (
				61C818A524E1F3FD00593939 /* LaunchScreen.storyboard in Resources */,
				61595DAF257C947E000D6B22 /* DefaultFeeds.json in Resources */,
				61C8189F24E1F3FD00593939 /* Assets.xcassets in Resources */,
			);
			runOnlyForDeploymentPostprocessing = 0;
		};
/* End PBXResourcesBuildPhase section */

/* Begin PBXSourcesBuildPhase section */
		6182212625053FEE005636B2 /* Sources */ = {
			isa = PBXSourcesBuildPhase;
			buildActionMask = 2147483647;
			files = (
				618F9036250DCDEE00D5A03E /* RSSItemDataSource.swift in Sources */,
				618F9030250DCD7E00D5A03E /* ModelHelper.swift in Sources */,
				618F9031250DCD7E00D5A03E /* RSS+CoreDataClass.swift in Sources */,
				618F9032250DCD7E00D5A03E /* RSS+CoreDataProperties.swift in Sources */,
				618F9033250DCD7E00D5A03E /* RSSItem+CoreDataClass.swift in Sources */,
				618F9034250DCD7E00D5A03E /* RSSItem+CoreDataProperties.swift in Sources */,
				618F9038250DCE4800D5A03E /* Request.swift in Sources */,
				6182215425054519005636B2 /* DateSpec.swift in Sources */,
				6182215325054511005636B2 /* RFC3339DateFormatter.swift in Sources */,
				6182215225054506005636B2 /* RFC822DateFormatter.swift in Sources */,
				61822151250544FD005636B2 /* ISO8601DateFormatter.swift in Sources */,
				618F9037250DCDFC00D5A03E /* RSSDataSource.swift in Sources */,
				61822150250544F6005636B2 /* OPMLParser.swift in Sources */,
				6182214E250544EA005636B2 /* String+Ext.swift in Sources */,
				6182214D250544E3005636B2 /* Date+Ext.swift in Sources */,
				6182214C250544DA005636B2 /* ManagedObjectContext.swift in Sources */,
				6182214B250544D1005636B2 /* RSSError.swift in Sources */,
				6182214525054480005636B2 /* PersistenceManager.swift in Sources */,
				6182214425054472005636B2 /* DataSourceService.swift in Sources */,
				6182214025054434005636B2 /* BatchImportViewModel.swift in Sources */,
				6182213A250542BF005636B2 /* OPMLParserTests.swift in Sources */,
				6182213B250542BF005636B2 /* BatchImportViewModelTests.swift in Sources */,
				6182212D25053FEE005636B2 /* rssTests.swift in Sources */,
			);
			runOnlyForDeploymentPostprocessing = 0;
		};
		61C8188E24E1F3FB00593939 /* Sources */ = {
			isa = PBXSourcesBuildPhase;
			buildActionMask = 2147483647;
			files = (
				61967EF424E2061100AA647C /* WebView.swift in Sources */,
				61CDCF5924E845DE007654C5 /* DocumentPicker.swift in Sources */,
				61595D91257C6E51000D6B22 /* WebFeedMetadata.swift in Sources */,
				61C818EB24E1FAB000593939 /* DataSource.swift in Sources */,
				61967EEC24E205DD00AA647C /* SafariView.swift in Sources */,
				61595D94257C6E51000D6B22 /* OPMLNormalizer.swift in Sources */,
				61967EF224E2061100AA647C /* RSSFeedViewModel.swift in Sources */,
				61C8189624E1F3FB00593939 /* AppDelegate.swift in Sources */,
				61967EE324E205AD00AA647C /* RSSStore.swift in Sources */,
				615E961925300E5C00891083 /* AppearenceSection.swift in Sources */,
				61967EFB24E2063D00AA647C /* SettingView.swift in Sources */,
				61C818DF24E1F7F300593939 /* ArchiveListView.swift in Sources */,
				61C818DB24E1F77C00593939 /* RSSListViewModel.swift in Sources */,
				6117365B24E83CC500A2DEA5 /* BatchImportViewModel.swift in Sources */,
				617B5DEF25670F5C00228B1D /* Category.swift in Sources */,
				61967ED424E2053D00AA647C /* RSSError.swift in Sources */,
				618610CF256EF7500083A96D /* Common Utils.swift in Sources */,
				616CAF6524F7158200690804 /* RFC3339DateFormatter.swift in Sources */,
				615096EB2564BF420001C0D9 /* NavigationBarModifier.swift in Sources */,
				61967EE924E205DD00AA647C /* ActionContextMenu.swift in Sources */,
				618F73DF2584293E00CA36B4 /* HiddenModifier.swift in Sources */,
				618D823D2570327F0061292F /* FeedImageView.swift in Sources */,
				618610D0256EF7500083A96D /* HTMLScarperUtility.swift in Sources */,
				615E961D2530116600891083 /* AppearenceView.swift in Sources */,
				61C818E724E1F9BA00593939 /* PersistenceManager.swift in Sources */,
				61595D50257C0A03000D6B22 /* UIColor+.swift in Sources */,
				6161FE6125393FA400CB0F00 /* UrlImageModel.swift in Sources */,
				616CAF6024F7131000690804 /* OPMLParser.swift in Sources */,
				617E4C54255DE8F20010CEE8 /* HomeView.swift in Sources */,
				615E971F25323C1900891083 /* Reachability.swift in Sources */,
				61967ECB24E204FB00AA647C /* AppEnvironment.swift in Sources */,
				61595D83257C6DFF000D6B22 /* FeedIdentifier.swift in Sources */,
				61CDCF5B24E8461D007654C5 /* RoundRectangleButton.swift in Sources */,
				61595D7F257C6DAF000D6B22 /* AccountMetadata.swift in Sources */,
				61967F0024E2068400AA647C /* AddRSSView.swift in Sources */,
				618610D1256EF7500083A96D /* NetworkReachabilty.swift in Sources */,
				61967ECC24E204FB00AA647C /* Request.swift in Sources */,
				61595D4B257C0993000D6B22 /* Tag.swift in Sources */,
				61CDCF5F24E8466C007654C5 /* WKWebViewWrapper.swift in Sources */,
				618F902E250DCD4F00D5A03E /* RSSItem+CoreDataClass.swift in Sources */,
				616CAF6324F7154600690804 /* DateSpec.swift in Sources */,
				618F902C250DCD4F00D5A03E /* RSS+CoreDataClass.swift in Sources */,
				6117364924E83C0600A2DEA5 /* DataUnitView.swift in Sources */,
				61595D25257B3A4D000D6B22 /* DefaultFeedsImporter.swift in Sources */,
				61967F0324E2068400AA647C /* RSSDisplayView.swift in Sources */,
				61967EC724E204BC00AA647C /* UserDefaultWrapper.swift in Sources */,
				617B5DF025670F5C00228B1D /* Article.swift in Sources */,
				61967EF524E2061100AA647C /* RSSFeedListView.swift in Sources */,
				6117365924E83C9F00A2DEA5 /* BatchImportView.swift in Sources */,
				615899252585CB3100D893CE /* NavigationTitleView.swift in Sources */,
				612FB85A2540F04200D9822B /* RSSListView.swift in Sources */,
				61967ED524E2053D00AA647C /* String+Ext.swift in Sources */,
				61CDCF5724E8459B007654C5 /* LinerProgressBar.swift in Sources */,
				618F9021250DC63B00D5A03E /* RSSRow.swift in Sources */,
				61595DB2257C9AE2000D6B22 /* DefaultFeeds.swift in Sources */,
				6117365524E83C3E00A2DEA5 /* DataNStorageView.swift in Sources */,
				61967ED224E2053D00AA647C /* Date+Ext.swift in Sources */,
				61967EEB24E205DD00AA647C /* TextFieldView.swift in Sources */,
				61967ECD24E204FB00AA647C /* ImageServices.swift in Sources */,
				618F73DC2584291500CA36B4 /* Image-Extensions.swift in Sources */,
				61CDCF5D24E84645007654C5 /* TextView.swift in Sources */,
				618610C5256EE3AB0083A96D /* ArticleViewModel.swift in Sources */,
				61967EE224E205AD00AA647C /* RSSItemStore.swift in Sources */,
				615E98402533AFAE00891083 /* ContentView.swift in Sources */,
				61967F0924E20D6200AA647C /* RSS.xcdatamodeld in Sources */,
				61967EF324E2061100AA647C /* RSSFeedRow.swift in Sources */,
				61C818E424E1F91B00593939 /* RSSDataSource.swift in Sources */,
				616CAF6724F715B600690804 /* RFC822DateFormatter.swift in Sources */,
				61595D78257C6D3A000D6B22 /* InitialFeedDownloader.swift in Sources */,
				618F902B250DCD4F00D5A03E /* ModelHelper.swift in Sources */,
				61967EEA24E205DD00AA647C /* ProgressBar.swift in Sources */,
				61595D57257C0F58000D6B22 /* IdentifiableAlert.swift in Sources */,
				61CDCF4B24E843C4007654C5 /* Color+Ext.swift in Sources */,
				616CAF6924F715DD00690804 /* ISO8601DateFormatter.swift in Sources */,
				6103807625490A1300222019 /* NavigationBarColor.swift in Sources */,
				616CAF9224F974AF00690804 /* SettingViewModel.swift in Sources */,
				61967EED24E205DD00AA647C /* SectionView.swift in Sources */,
				61967F0124E2068400AA647C /* AddRSSViewModel.swift in Sources */,
				61C818D624E1F70900593939 /* DataSourceService.swift in Sources */,
				618610DF256EFD8D0083A96D /* Constants.swift in Sources */,
				618F902D250DCD4F00D5A03E /* RSS+CoreDataProperties.swift in Sources */,
				61C818E924E1FA7D00593939 /* RSSItemDataSource.swift in Sources */,
				61C8189824E1F3FB00593939 /* SceneDelegate.swift in Sources */,
				61595D4F257C0A03000D6B22 /* Color+Random.swift in Sources */,
				61967ED324E2053D00AA647C /* ManagedObjectContext.swift in Sources */,
				61C818E124E1F81C00593939 /* ArchiveListViewModel.swift in Sources */,
				61595DB6257CA132000D6B22 /* Bundle-Decodable.swift in Sources */,
				617B5DEA25670F4300228B1D /* DataModel.xcdatamodeld in Sources */,
				6117365724E83C7B00A2DEA5 /* DataNStorageViewModel.swift in Sources */,
				618F902F250DCD4F00D5A03E /* RSSItem+CoreDataProperties.swift in Sources */,
				61B46F69257F038100BF6C87 /* DefaultFeedRow.swift in Sources */,
				61595D90257C6E51000D6B22 /* UnreadCountProvider.swift in Sources */,
			);
			runOnlyForDeploymentPostprocessing = 0;
		};
/* End PBXSourcesBuildPhase section */

/* Begin PBXTargetDependency section */
		61453B1B255CC5D10060EBB6 /* PBXTargetDependency */ = {
			isa = PBXTargetDependency;
			productRef = 61453B1A255CC5D10060EBB6 /* URLImage */;
		};
		615096E62563781A0001C0D9 /* PBXTargetDependency */ = {
			isa = PBXTargetDependency;
			productRef = 615096E52563781A0001C0D9 /* SwiftUIX */;
		};
		61595D28257B3B20000D6B22 /* PBXTargetDependency */ = {
			isa = PBXTargetDependency;
			productRef = 61595D27257B3B20000D6B22 /* Account */;
		};
		61595D2A257B3B26000D6B22 /* PBXTargetDependency */ = {
			isa = PBXTargetDependency;
			productRef = 61595D29257B3B26000D6B22 /* Articles */;
		};
		61595D2C257B3B2C000D6B22 /* PBXTargetDependency */ = {
			isa = PBXTargetDependency;
			productRef = 61595D2B257B3B2C000D6B22 /* ArticlesDatabase */;
		};
		61595D2E257B3B32000D6B22 /* PBXTargetDependency */ = {
			isa = PBXTargetDependency;
			productRef = 61595D2D257B3B32000D6B22 /* Secrets */;
		};
		61595D30257B3B38000D6B22 /* PBXTargetDependency */ = {
			isa = PBXTargetDependency;
			productRef = 61595D2F257B3B38000D6B22 /* SyncDatabase */;
		};
		615E989F2534046A00891083 /* PBXTargetDependency */ = {
			isa = PBXTargetDependency;
			productRef = 615E989E2534046A00891083 /* OAuthSwift */;
		};
		616121F9255376F30074F061 /* PBXTargetDependency */ = {
			isa = PBXTargetDependency;
			productRef = 616121F8255376F30074F061 /* FeedKit */;
		};
		616121FB255376F90074F061 /* PBXTargetDependency */ = {
			isa = PBXTargetDependency;
			productRef = 616121FA255376F90074F061 /* AFNetworking */;
		};
		616121FD255376FF0074F061 /* PBXTargetDependency */ = {
			isa = PBXTargetDependency;
			productRef = 616121FC255376FF0074F061 /* PureLayout */;
		};
		6168D6D42548D39600A7B8B9 /* PBXTargetDependency */ = {
			isa = PBXTargetDependency;
			productRef = 6168D6D32548D39600A7B8B9 /* ModalView */;
		};
		6182213025053FEE005636B2 /* PBXTargetDependency */ = {
			isa = PBXTargetDependency;
			target = 61C8189124E1F3FB00593939 /* Feedit */;
			targetProxy = 6182212F25053FEE005636B2 /* PBXContainerItemProxy */;
		};
		618610B6256ED5EC0083A96D /* PBXTargetDependency */ = {
			isa = PBXTargetDependency;
			productRef = 618610B5256ED5EC0083A96D /* KingfisherSwiftUI */;
		};
		618610D8256EF7AB0083A96D /* PBXTargetDependency */ = {
			isa = PBXTargetDependency;
			productRef = 618610D7256EF7AB0083A96D /* SwiftSoup */;
		};
		6193AEF82536481A00EF8460 /* PBXTargetDependency */ = {
			isa = PBXTargetDependency;
			productRef = 6193AEF72536481A00EF8460 /* SDWebImageSwiftUI */;
		};
/* End PBXTargetDependency section */

/* Begin PBXVariantGroup section */
		61C818A324E1F3FD00593939 /* LaunchScreen.storyboard */ = {
			isa = PBXVariantGroup;
			children = (
				61C818A424E1F3FD00593939 /* Base */,
			);
			name = LaunchScreen.storyboard;
			sourceTree = "<group>";
		};
/* End PBXVariantGroup section */

/* Begin XCBuildConfiguration section */
		6182213225053FEE005636B2 /* Debug */ = {
			isa = XCBuildConfiguration;
			buildSettings = {
				BUNDLE_LOADER = "$(TEST_HOST)";
				"CODE_SIGN_IDENTITY[sdk=macosx*]" = "-";
				CODE_SIGN_STYLE = Automatic;
				DEVELOPMENT_TEAM = 7Z3Z6D3TH7;
				INFOPLIST_FILE = rssTests/Info.plist;
				LD_RUNPATH_SEARCH_PATHS = (
					"$(inherited)",
					"@executable_path/Frameworks",
					"@loader_path/Frameworks",
				);
				PRODUCT_BUNDLE_IDENTIFIER = com.tylerdlawrence.rssTests;
				PRODUCT_NAME = "$(TARGET_NAME)";
				SWIFT_VERSION = 5.0;
				TARGETED_DEVICE_FAMILY = "1,2";
				TEST_HOST = "$(BUILT_PRODUCTS_DIR)/Feedit.app/Feedit";
			};
			name = Debug;
		};
		6182213325053FEE005636B2 /* Release */ = {
			isa = XCBuildConfiguration;
			buildSettings = {
				BUNDLE_LOADER = "$(TEST_HOST)";
				"CODE_SIGN_IDENTITY[sdk=macosx*]" = "-";
				CODE_SIGN_STYLE = Automatic;
				DEVELOPMENT_TEAM = 7Z3Z6D3TH7;
				INFOPLIST_FILE = rssTests/Info.plist;
				LD_RUNPATH_SEARCH_PATHS = (
					"$(inherited)",
					"@executable_path/Frameworks",
					"@loader_path/Frameworks",
				);
				PRODUCT_BUNDLE_IDENTIFIER = com.tylerdlawrence.rssTests;
				PRODUCT_NAME = "$(TARGET_NAME)";
				SWIFT_VERSION = 5.0;
				TARGETED_DEVICE_FAMILY = "1,2";
				TEST_HOST = "$(BUILT_PRODUCTS_DIR)/Feedit.app/Feedit";
			};
			name = Release;
		};
		61C818A724E1F3FD00593939 /* Debug */ = {
			isa = XCBuildConfiguration;
			buildSettings = {
				ALWAYS_SEARCH_USER_PATHS = NO;
				CLANG_ANALYZER_LOCALIZABILITY_NONLOCALIZED = YES;
				CLANG_ANALYZER_NONNULL = YES;
				CLANG_ANALYZER_NUMBER_OBJECT_CONVERSION = YES_AGGRESSIVE;
				CLANG_CXX_LANGUAGE_STANDARD = "gnu++14";
				CLANG_CXX_LIBRARY = "libc++";
				CLANG_ENABLE_MODULES = YES;
				CLANG_ENABLE_OBJC_ARC = YES;
				CLANG_ENABLE_OBJC_WEAK = YES;
				CLANG_WARN_BLOCK_CAPTURE_AUTORELEASING = YES;
				CLANG_WARN_BOOL_CONVERSION = YES;
				CLANG_WARN_COMMA = YES;
				CLANG_WARN_CONSTANT_CONVERSION = YES;
				CLANG_WARN_DEPRECATED_OBJC_IMPLEMENTATIONS = YES;
				CLANG_WARN_DIRECT_OBJC_ISA_USAGE = YES_ERROR;
				CLANG_WARN_DOCUMENTATION_COMMENTS = YES;
				CLANG_WARN_EMPTY_BODY = YES;
				CLANG_WARN_ENUM_CONVERSION = YES;
				CLANG_WARN_INFINITE_RECURSION = YES;
				CLANG_WARN_INT_CONVERSION = YES;
				CLANG_WARN_NON_LITERAL_NULL_CONVERSION = YES;
				CLANG_WARN_OBJC_IMPLICIT_RETAIN_SELF = YES;
				CLANG_WARN_OBJC_LITERAL_CONVERSION = YES;
				CLANG_WARN_OBJC_ROOT_CLASS = YES_ERROR;
				CLANG_WARN_QUOTED_INCLUDE_IN_FRAMEWORK_HEADER = YES;
				CLANG_WARN_RANGE_LOOP_ANALYSIS = YES;
				CLANG_WARN_STRICT_PROTOTYPES = YES;
				CLANG_WARN_SUSPICIOUS_MOVE = YES;
				CLANG_WARN_UNGUARDED_AVAILABILITY = YES_AGGRESSIVE;
				CLANG_WARN_UNREACHABLE_CODE = YES;
				CLANG_WARN__DUPLICATE_METHOD_MATCH = YES;
				COPY_PHASE_STRIP = NO;
				DEBUG_INFORMATION_FORMAT = dwarf;
				ENABLE_STRICT_OBJC_MSGSEND = YES;
				ENABLE_TESTABILITY = YES;
				GCC_C_LANGUAGE_STANDARD = gnu11;
				GCC_DYNAMIC_NO_PIC = NO;
				GCC_NO_COMMON_BLOCKS = YES;
				GCC_OPTIMIZATION_LEVEL = 0;
				GCC_PREPROCESSOR_DEFINITIONS = (
					"DEBUG=1",
					"$(inherited)",
				);
				GCC_WARN_64_TO_32_BIT_CONVERSION = YES;
				GCC_WARN_ABOUT_RETURN_TYPE = YES_ERROR;
				GCC_WARN_UNDECLARED_SELECTOR = YES;
				GCC_WARN_UNINITIALIZED_AUTOS = YES_AGGRESSIVE;
				GCC_WARN_UNUSED_FUNCTION = YES;
				GCC_WARN_UNUSED_VARIABLE = YES;
				IPHONEOS_DEPLOYMENT_TARGET = 14.0;
				MTL_ENABLE_DEBUG_INFO = INCLUDE_SOURCE;
				MTL_FAST_MATH = YES;
				ONLY_ACTIVE_ARCH = YES;
				SDKROOT = iphoneos;
				SWIFT_ACTIVE_COMPILATION_CONDITIONS = DEBUG;
				SWIFT_OPTIMIZATION_LEVEL = "-Onone";
			};
			name = Debug;
		};
		61C818A824E1F3FD00593939 /* Release */ = {
			isa = XCBuildConfiguration;
			buildSettings = {
				ALWAYS_SEARCH_USER_PATHS = NO;
				CLANG_ANALYZER_LOCALIZABILITY_NONLOCALIZED = YES;
				CLANG_ANALYZER_NONNULL = YES;
				CLANG_ANALYZER_NUMBER_OBJECT_CONVERSION = YES_AGGRESSIVE;
				CLANG_CXX_LANGUAGE_STANDARD = "gnu++14";
				CLANG_CXX_LIBRARY = "libc++";
				CLANG_ENABLE_MODULES = YES;
				CLANG_ENABLE_OBJC_ARC = YES;
				CLANG_ENABLE_OBJC_WEAK = YES;
				CLANG_WARN_BLOCK_CAPTURE_AUTORELEASING = YES;
				CLANG_WARN_BOOL_CONVERSION = YES;
				CLANG_WARN_COMMA = YES;
				CLANG_WARN_CONSTANT_CONVERSION = YES;
				CLANG_WARN_DEPRECATED_OBJC_IMPLEMENTATIONS = YES;
				CLANG_WARN_DIRECT_OBJC_ISA_USAGE = YES_ERROR;
				CLANG_WARN_DOCUMENTATION_COMMENTS = YES;
				CLANG_WARN_EMPTY_BODY = YES;
				CLANG_WARN_ENUM_CONVERSION = YES;
				CLANG_WARN_INFINITE_RECURSION = YES;
				CLANG_WARN_INT_CONVERSION = YES;
				CLANG_WARN_NON_LITERAL_NULL_CONVERSION = YES;
				CLANG_WARN_OBJC_IMPLICIT_RETAIN_SELF = YES;
				CLANG_WARN_OBJC_LITERAL_CONVERSION = YES;
				CLANG_WARN_OBJC_ROOT_CLASS = YES_ERROR;
				CLANG_WARN_QUOTED_INCLUDE_IN_FRAMEWORK_HEADER = YES;
				CLANG_WARN_RANGE_LOOP_ANALYSIS = YES;
				CLANG_WARN_STRICT_PROTOTYPES = YES;
				CLANG_WARN_SUSPICIOUS_MOVE = YES;
				CLANG_WARN_UNGUARDED_AVAILABILITY = YES_AGGRESSIVE;
				CLANG_WARN_UNREACHABLE_CODE = YES;
				CLANG_WARN__DUPLICATE_METHOD_MATCH = YES;
				COPY_PHASE_STRIP = NO;
				DEBUG_INFORMATION_FORMAT = "dwarf-with-dsym";
				ENABLE_NS_ASSERTIONS = NO;
				ENABLE_STRICT_OBJC_MSGSEND = YES;
				GCC_C_LANGUAGE_STANDARD = gnu11;
				GCC_NO_COMMON_BLOCKS = YES;
				GCC_WARN_64_TO_32_BIT_CONVERSION = YES;
				GCC_WARN_ABOUT_RETURN_TYPE = YES_ERROR;
				GCC_WARN_UNDECLARED_SELECTOR = YES;
				GCC_WARN_UNINITIALIZED_AUTOS = YES_AGGRESSIVE;
				GCC_WARN_UNUSED_FUNCTION = YES;
				GCC_WARN_UNUSED_VARIABLE = YES;
				IPHONEOS_DEPLOYMENT_TARGET = 14.0;
				MTL_ENABLE_DEBUG_INFO = NO;
				MTL_FAST_MATH = YES;
				SDKROOT = iphoneos;
				SWIFT_COMPILATION_MODE = wholemodule;
				SWIFT_OPTIMIZATION_LEVEL = "-O";
				VALIDATE_PRODUCT = YES;
			};
			name = Release;
		};
		61C818AA24E1F3FD00593939 /* Debug */ = {
			isa = XCBuildConfiguration;
			buildSettings = {
				ASSETCATALOG_COMPILER_APPICON_NAME = AppIcon;
				ASSETCATALOG_COMPILER_GLOBAL_ACCENT_COLOR_NAME = AccentColor;
				CODE_SIGN_ENTITLEMENTS = Feedit/Feedit.entitlements;
				CODE_SIGN_IDENTITY = "Apple Development";
				CODE_SIGN_STYLE = Automatic;
				CURRENT_PROJECT_VERSION = 24;
				DEVELOPMENT_ASSET_PATHS = "\"Feedit/Preview Content\"";
				DEVELOPMENT_TEAM = 7Z3Z6D3TH7;
				ENABLE_PREVIEWS = YES;
				FRAMEWORK_SEARCH_PATHS = (
					"$(inherited)",
					"$(PROJECT_DIR)",
				);
				INFOPLIST_FILE = Feedit/Info.plist;
				LD_RUNPATH_SEARCH_PATHS = (
					"$(inherited)",
					"@executable_path/Frameworks",
				);
				MARKETING_VERSION = 1.01;
				PRODUCT_BUNDLE_IDENTIFIER = com.tylerdlawrence.feeditrssreader;
				PRODUCT_NAME = "$(TARGET_NAME)";
				PROVISIONING_PROFILE_SPECIFIER = "";
				SUPPORTS_MACCATALYST = NO;
				SWIFT_VERSION = 5.0;
				TARGETED_DEVICE_FAMILY = 1;
			};
			name = Debug;
		};
		61C818AB24E1F3FD00593939 /* Release */ = {
			isa = XCBuildConfiguration;
			buildSettings = {
				ASSETCATALOG_COMPILER_APPICON_NAME = AppIcon;
				ASSETCATALOG_COMPILER_GLOBAL_ACCENT_COLOR_NAME = AccentColor;
				CODE_SIGN_ENTITLEMENTS = Feedit/Feedit.entitlements;
				CODE_SIGN_IDENTITY = "Apple Development";
				CODE_SIGN_STYLE = Automatic;
				CURRENT_PROJECT_VERSION = 24;
				DEVELOPMENT_ASSET_PATHS = "\"Feedit/Preview Content\"";
				DEVELOPMENT_TEAM = 7Z3Z6D3TH7;
				ENABLE_PREVIEWS = YES;
				FRAMEWORK_SEARCH_PATHS = (
					"$(inherited)",
					"$(PROJECT_DIR)",
				);
				INFOPLIST_FILE = Feedit/Info.plist;
				LD_RUNPATH_SEARCH_PATHS = (
					"$(inherited)",
					"@executable_path/Frameworks",
				);
				MARKETING_VERSION = 1.01;
				PRODUCT_BUNDLE_IDENTIFIER = com.tylerdlawrence.feeditrssreader;
				PRODUCT_NAME = "$(TARGET_NAME)";
				PROVISIONING_PROFILE_SPECIFIER = "";
				SUPPORTS_MACCATALYST = NO;
				SWIFT_VERSION = 5.0;
				TARGETED_DEVICE_FAMILY = 1;
			};
			name = Release;
		};
/* End XCBuildConfiguration section */

/* Begin XCConfigurationList section */
		6182213125053FEE005636B2 /* Build configuration list for PBXNativeTarget "rssTests" */ = {
			isa = XCConfigurationList;
			buildConfigurations = (
				6182213225053FEE005636B2 /* Debug */,
				6182213325053FEE005636B2 /* Release */,
			);
			defaultConfigurationIsVisible = 0;
			defaultConfigurationName = Release;
		};
		61C8188D24E1F3FB00593939 /* Build configuration list for PBXProject "Feedit" */ = {
			isa = XCConfigurationList;
			buildConfigurations = (
				61C818A724E1F3FD00593939 /* Debug */,
				61C818A824E1F3FD00593939 /* Release */,
			);
			defaultConfigurationIsVisible = 0;
			defaultConfigurationName = Release;
		};
		61C818A924E1F3FD00593939 /* Build configuration list for PBXNativeTarget "Feedit" */ = {
			isa = XCConfigurationList;
			buildConfigurations = (
				61C818AA24E1F3FD00593939 /* Debug */,
				61C818AB24E1F3FD00593939 /* Release */,
			);
			defaultConfigurationIsVisible = 0;
			defaultConfigurationName = Release;
		};
/* End XCConfigurationList section */

/* Begin XCRemoteSwiftPackageReference section */
		61453B15255CC5910060EBB6 /* XCRemoteSwiftPackageReference "url-image" */ = {
			isa = XCRemoteSwiftPackageReference;
			repositoryURL = "https://github.com/dmytro-anokhin/url-image.git";
			requirement = {
				branch = master;
				kind = branch;
			};
		};
		615096E1256377DE0001C0D9 /* XCRemoteSwiftPackageReference "SwiftUIX" */ = {
			isa = XCRemoteSwiftPackageReference;
			repositoryURL = "https://github.com/SwiftUIX/SwiftUIX";
			requirement = {
				branch = master;
				kind = branch;
			};
		};
		61595D04257B1C6E000D6B22 /* XCRemoteSwiftPackageReference "RSCore" */ = {
			isa = XCRemoteSwiftPackageReference;
			repositoryURL = "https://github.com/Ranchero-Software/RSCore.git";
			requirement = {
				kind = upToNextMajorVersion;
				minimumVersion = "1.0.0-beta9";
			};
		};
		61595D09257B1D4F000D6B22 /* XCRemoteSwiftPackageReference "RSDatabase" */ = {
			isa = XCRemoteSwiftPackageReference;
			repositoryURL = "https://github.com/Ranchero-Software/RSDatabase.git";
			requirement = {
				kind = upToNextMajorVersion;
				minimumVersion = "1.0.0-beta1";
			};
		};
		61595D0E257B1DBE000D6B22 /* XCRemoteSwiftPackageReference "RSParser" */ = {
			isa = XCRemoteSwiftPackageReference;
			repositoryURL = "https://github.com/Ranchero-Software/RSParser.git";
			requirement = {
				kind = upToNextMajorVersion;
				minimumVersion = "2.0.0-beta3";
			};
		};
		61595D13257B1EB6000D6B22 /* XCRemoteSwiftPackageReference "RSWeb" */ = {
			isa = XCRemoteSwiftPackageReference;
			repositoryURL = "https://github.com/Ranchero-Software/RSWeb.git";
			requirement = {
				kind = upToNextMajorVersion;
				minimumVersion = "1.0.0-beta8";
			};
		};
		615E989A253403D600891083 /* XCRemoteSwiftPackageReference "OAuthSwift" */ = {
			isa = XCRemoteSwiftPackageReference;
			repositoryURL = "https://github.com/Ranchero-Software/OAuthSwift.git";
			requirement = {
				kind = upToNextMajorVersion;
				minimumVersion = 2.1.0;
			};
		};
		616121D5255366A00074F061 /* XCRemoteSwiftPackageReference "modal-view" */ = {
			isa = XCRemoteSwiftPackageReference;
			repositoryURL = "https://github.com/diniska/modal-view";
			requirement = {
				branch = master;
				kind = branch;
			};
		};
		616121E22553670B0074F061 /* XCRemoteSwiftPackageReference "FeedKit" */ = {
			isa = XCRemoteSwiftPackageReference;
			repositoryURL = "https://github.com/nmdias/FeedKit.git";
			requirement = {
				kind = upToNextMajorVersion;
				minimumVersion = 9.1.2;
			};
		};
		616121E6255367590074F061 /* XCRemoteSwiftPackageReference "PureLayout" */ = {
			isa = XCRemoteSwiftPackageReference;
			repositoryURL = "https://github.com/PureLayout/PureLayout.git";
			requirement = {
				branch = master;
				kind = branch;
			};
		};
		616121EA2553678B0074F061 /* XCRemoteSwiftPackageReference "AFNetworking" */ = {
			isa = XCRemoteSwiftPackageReference;
			repositoryURL = "https://github.com/AFNetworking/AFNetworking.git";
			requirement = {
				kind = upToNextMajorVersion;
				minimumVersion = 4.0.1;
			};
		};
		616121EE255367B60074F061 /* XCRemoteSwiftPackageReference "SDWebImageSwiftUI" */ = {
			isa = XCRemoteSwiftPackageReference;
			repositoryURL = "https://github.com/SDWebImage/SDWebImageSwiftUI.git";
			requirement = {
				kind = upToNextMajorVersion;
				minimumVersion = 1.5.0;
			};
		};
		6168D6C52548D38000A7B8B9 /* XCRemoteSwiftPackageReference "modal-view" */ = {
			isa = XCRemoteSwiftPackageReference;
			repositoryURL = "https://github.com/diniska/modal-view.git";
			requirement = {
				branch = master;
				kind = branch;
			};
		};
		618610B1256ED5BE0083A96D /* XCRemoteSwiftPackageReference "Kingfisher" */ = {
			isa = XCRemoteSwiftPackageReference;
			repositoryURL = "https://github.com/onevcat/Kingfisher.git";
			requirement = {
				kind = upToNextMajorVersion;
				minimumVersion = 5.15.7;
			};
		};
		618610D3256EF7A00083A96D /* XCRemoteSwiftPackageReference "SwiftSoup" */ = {
			isa = XCRemoteSwiftPackageReference;
			repositoryURL = "https://github.com/scinfu/SwiftSoup.git";
			requirement = {
				kind = upToNextMajorVersion;
				minimumVersion = 2.3.2;
			};
		};
		618610DA256EF8420083A96D /* XCRemoteSwiftPackageReference "Reachability.swift" */ = {
			isa = XCRemoteSwiftPackageReference;
			repositoryURL = "https://github.com/ashleymills/Reachability.swift.git";
			requirement = {
				kind = upToNextMajorVersion;
				minimumVersion = 5.1.0;
			};
		};
		6193AEF32536480400EF8460 /* XCRemoteSwiftPackageReference "SDWebImageSwiftUI" */ = {
			isa = XCRemoteSwiftPackageReference;
			repositoryURL = "https://github.com/SDWebImage/SDWebImageSwiftUI.git";
			requirement = {
				kind = upToNextMajorVersion;
				minimumVersion = 1.5.0;
			};
		};
/* End XCRemoteSwiftPackageReference section */

/* Begin XCSwiftPackageProductDependency section */
		61453B16255CC5920060EBB6 /* URLImage */ = {
			isa = XCSwiftPackageProductDependency;
			package = 61453B15255CC5910060EBB6 /* XCRemoteSwiftPackageReference "url-image" */;
			productName = URLImage;
		};
		61453B1A255CC5D10060EBB6 /* URLImage */ = {
			isa = XCSwiftPackageProductDependency;
			package = 61453B15255CC5910060EBB6 /* XCRemoteSwiftPackageReference "url-image" */;
			productName = URLImage;
		};
		615096E2256377E00001C0D9 /* SwiftUIX */ = {
			isa = XCSwiftPackageProductDependency;
			package = 615096E1256377DE0001C0D9 /* XCRemoteSwiftPackageReference "SwiftUIX" */;
			productName = SwiftUIX;
		};
		615096E52563781A0001C0D9 /* SwiftUIX */ = {
			isa = XCSwiftPackageProductDependency;
			package = 615096E1256377DE0001C0D9 /* XCRemoteSwiftPackageReference "SwiftUIX" */;
			productName = SwiftUIX;
		};
		61595D05257B1C6E000D6B22 /* RSCore */ = {
			isa = XCSwiftPackageProductDependency;
			package = 61595D04257B1C6E000D6B22 /* XCRemoteSwiftPackageReference "RSCore" */;
			productName = RSCore;
		};
		61595D0A257B1D4F000D6B22 /* RSDatabase */ = {
			isa = XCSwiftPackageProductDependency;
			package = 61595D09257B1D4F000D6B22 /* XCRemoteSwiftPackageReference "RSDatabase" */;
			productName = RSDatabase;
		};
		61595D0F257B1DBE000D6B22 /* RSParser */ = {
			isa = XCSwiftPackageProductDependency;
			package = 61595D0E257B1DBE000D6B22 /* XCRemoteSwiftPackageReference "RSParser" */;
			productName = RSParser;
		};
		61595D14257B1EB6000D6B22 /* RSWeb */ = {
			isa = XCSwiftPackageProductDependency;
			package = 61595D13257B1EB6000D6B22 /* XCRemoteSwiftPackageReference "RSWeb" */;
			productName = RSWeb;
		};
		61595D27257B3B20000D6B22 /* Account */ = {
			isa = XCSwiftPackageProductDependency;
			productName = Account;
		};
		61595D29257B3B26000D6B22 /* Articles */ = {
			isa = XCSwiftPackageProductDependency;
			productName = Articles;
		};
		61595D2B257B3B2C000D6B22 /* ArticlesDatabase */ = {
			isa = XCSwiftPackageProductDependency;
			productName = ArticlesDatabase;
		};
		61595D2D257B3B32000D6B22 /* Secrets */ = {
			isa = XCSwiftPackageProductDependency;
			productName = Secrets;
		};
		61595D2F257B3B38000D6B22 /* SyncDatabase */ = {
			isa = XCSwiftPackageProductDependency;
			productName = SyncDatabase;
		};
		615E989E2534046A00891083 /* OAuthSwift */ = {
			isa = XCSwiftPackageProductDependency;
			package = 615E989A253403D600891083 /* XCRemoteSwiftPackageReference "OAuthSwift" */;
			productName = OAuthSwift;
		};
		616121D6255366A00074F061 /* ModalView */ = {
			isa = XCSwiftPackageProductDependency;
			package = 616121D5255366A00074F061 /* XCRemoteSwiftPackageReference "modal-view" */;
			productName = ModalView;
		};
		616121E32553670B0074F061 /* FeedKit */ = {
			isa = XCSwiftPackageProductDependency;
			package = 616121E22553670B0074F061 /* XCRemoteSwiftPackageReference "FeedKit" */;
			productName = FeedKit;
		};
		616121E7255367590074F061 /* PureLayout */ = {
			isa = XCSwiftPackageProductDependency;
			package = 616121E6255367590074F061 /* XCRemoteSwiftPackageReference "PureLayout" */;
			productName = PureLayout;
		};
		616121EB2553678B0074F061 /* AFNetworking */ = {
			isa = XCSwiftPackageProductDependency;
			package = 616121EA2553678B0074F061 /* XCRemoteSwiftPackageReference "AFNetworking" */;
			productName = AFNetworking;
		};
		616121EF255367B60074F061 /* SDWebImageSwiftUI */ = {
			isa = XCSwiftPackageProductDependency;
			package = 616121EE255367B60074F061 /* XCRemoteSwiftPackageReference "SDWebImageSwiftUI" */;
			productName = SDWebImageSwiftUI;
		};
		616121F8255376F30074F061 /* FeedKit */ = {
			isa = XCSwiftPackageProductDependency;
			package = 616121E22553670B0074F061 /* XCRemoteSwiftPackageReference "FeedKit" */;
			productName = FeedKit;
		};
		616121FA255376F90074F061 /* AFNetworking */ = {
			isa = XCSwiftPackageProductDependency;
			package = 616121EA2553678B0074F061 /* XCRemoteSwiftPackageReference "AFNetworking" */;
			productName = AFNetworking;
		};
		616121FC255376FF0074F061 /* PureLayout */ = {
			isa = XCSwiftPackageProductDependency;
			package = 616121E6255367590074F061 /* XCRemoteSwiftPackageReference "PureLayout" */;
			productName = PureLayout;
		};
		6168D6D32548D39600A7B8B9 /* ModalView */ = {
			isa = XCSwiftPackageProductDependency;
			package = 6168D6C52548D38000A7B8B9 /* XCRemoteSwiftPackageReference "modal-view" */;
			productName = ModalView;
		};
		618610B2256ED5BE0083A96D /* KingfisherSwiftUI */ = {
			isa = XCSwiftPackageProductDependency;
			package = 618610B1256ED5BE0083A96D /* XCRemoteSwiftPackageReference "Kingfisher" */;
			productName = KingfisherSwiftUI;
		};
		618610B5256ED5EC0083A96D /* KingfisherSwiftUI */ = {
			isa = XCSwiftPackageProductDependency;
			package = 618610B1256ED5BE0083A96D /* XCRemoteSwiftPackageReference "Kingfisher" */;
			productName = KingfisherSwiftUI;
		};
		618610D4256EF7A00083A96D /* SwiftSoup */ = {
			isa = XCSwiftPackageProductDependency;
			package = 618610D3256EF7A00083A96D /* XCRemoteSwiftPackageReference "SwiftSoup" */;
			productName = SwiftSoup;
		};
		618610D7256EF7AB0083A96D /* SwiftSoup */ = {
			isa = XCSwiftPackageProductDependency;
			package = 618610D3256EF7A00083A96D /* XCRemoteSwiftPackageReference "SwiftSoup" */;
			productName = SwiftSoup;
		};
		618610DB256EF8420083A96D /* Reachability */ = {
			isa = XCSwiftPackageProductDependency;
			package = 618610DA256EF8420083A96D /* XCRemoteSwiftPackageReference "Reachability.swift" */;
			productName = Reachability;
		};
		6193AEF72536481A00EF8460 /* SDWebImageSwiftUI */ = {
			isa = XCSwiftPackageProductDependency;
			package = 6193AEF32536480400EF8460 /* XCRemoteSwiftPackageReference "SDWebImageSwiftUI" */;
			productName = SDWebImageSwiftUI;
		};
/* End XCSwiftPackageProductDependency section */

/* Begin XCVersionGroup section */
		617B5DE825670F4300228B1D /* DataModel.xcdatamodeld */ = {
			isa = XCVersionGroup;
			children = (
				617B5DE925670F4300228B1D /* CoreDataBestPractices.xcdatamodel */,
			);
			currentVersion = 617B5DE925670F4300228B1D /* CoreDataBestPractices.xcdatamodel */;
			path = DataModel.xcdatamodeld;
			sourceTree = "<group>";
			versionGroupType = wrapper.xcdatamodel;
		};
		61967F0724E20D6200AA647C /* RSS.xcdatamodeld */ = {
			isa = XCVersionGroup;
			children = (
				61967F0824E20D6200AA647C /* RSS.xcdatamodel */,
			);
			currentVersion = 61967F0824E20D6200AA647C /* RSS.xcdatamodel */;
			path = RSS.xcdatamodeld;
			sourceTree = "<group>";
			versionGroupType = wrapper.xcdatamodel;
		};
/* End XCVersionGroup section */
	};
	rootObject = 61C8188A24E1F3FB00593939 /* Project object */;
}
