{
  "object": {
    "pins": [
      {
        "package": "BrightFutures",
        "repositoryURL": "https://github.com/Thomvis/BrightFutures.git",
        "state": {
          "branch": null,
          "revision": "9279defa6bdc21501ce740266e5a14d0119ddc63",
          "version": "8.0.1"
        }
      },
      {
        "package": "Erik",
        "repositoryURL": "https://github.com/phimage/Erik.git",
        "state": {
          "branch": null,
          "revision": "109a130e9cdb00789a43a7a625293eeb12d22989",
          "version": "5.1.0"
        }
      },
      {
        "package": "FeedKit",
        "repositoryURL": "https://github.com/nmdias/FeedKit.git",
        "state": {
          "branch": null,
          "revision": "68493a33d862c33c9a9f67ec729b3b7df1b20ade",
          "version": "9.1.2"
        }
      },
      {
        "package": "FileKit",
        "repositoryURL": "https://github.com/nvzqz/FileKit.git",
        "state": {
          "branch": null,
          "revision": "826d9161b184509f80d85c28cd612d630646de98",
          "version": "6.0.0"
        }
      },
      {
        "package": "iColor",
        "repositoryURL": "https://github.com/benjaminsage/iColor.git",
        "state": {
          "branch": null,
          "revision": "3c2ae81be776ba4b26a0ca223f819c4d7676b5d4",
          "version": "0.1.2"
        }
      },
      {
        "package": "iGraphics",
        "repositoryURL": "https://github.com/benjaminsage/iGraphics.git",
        "state": {
          "branch": null,
          "revision": "ee1b64e75aea47f9e6083ccc163d49496bdf3b6a",
          "version": "0.0.6"
        }
      },
      {
        "package": "iPages",
        "repositoryURL": "https://github.com/benjaminsage/iPages.git",
        "state": {
          "branch": null,
          "revision": "45288072bfb3841514e6da231d29d66ce53e8035",
          "version": "0.0.7"
        }
      },
      {
        "package": "Kanna",
        "repositoryURL": "https://github.com/tid-kijyun/Kanna.git",
        "state": {
          "branch": null,
          "revision": "4a80ebe93b6966d5083394fcaaaff57a2fcec935",
          "version": "5.2.3"
        }
      },
      {
        "package": "ModalView",
        "repositoryURL": "https://github.com/diniska/modal-view.git",
        "state": {
          "branch": "master",
          "revision": "e9063b249148134b6ab24832ac8101835638a5af",
          "version": null
        }
      },
      {
        "package": "OAuthSwift",
        "repositoryURL": "https://github.com/Ranchero-Software/OAuthSwift.git",
        "state": {
          "branch": null,
          "revision": "2e75d626532c2c6373e603312c0f1207e7e778ea",
          "version": "2.1.0"
        }
      },
      {
        "package": "SDWebImage",
        "repositoryURL": "https://github.com/SDWebImage/SDWebImage.git",
        "state": {
          "branch": null,
          "revision": "88b3ba211c0d604e60eab204c1baf8229c513399",
          "version": "5.9.4"
        }
      },
      {
        "package": "SDWebImageSwiftUI",
        "repositoryURL": "https://github.com/SDWebImage/SDWebImageSwiftUI.git",
        "state": {
          "branch": null,
          "revision": "4c7f169e39bc35d6b80d42b8eb8301bee9cd0907",
          "version": "1.5.0"
        }
      },
      {
        "package": "Swifter",
        "repositoryURL": "https://github.com/httpswift/swifter.git",
        "state": {
          "branch": null,
          "revision": "9483a5d459b45c3ffd059f7b55f9638e268632fd",
          "version": "1.5.0"
        }
      }
    ]
  },
  "version": 1
}
